PODS:
  - BlocksKit (2.2.5):
    - BlocksKit/All (= 2.2.5)
  - BlocksKit/All (2.2.5):
    - BlocksKit/Core
    - BlocksKit/DynamicDelegate
    - BlocksKit/MessageUI
    - BlocksKit/UIKit
  - BlocksKit/Core (2.2.5)
  - BlocksKit/DynamicDelegate (2.2.5)
  - BlocksKit/MessageUI (2.2.5):
    - BlocksKit/Core
    - BlocksKit/DynamicDelegate
  - BlocksKit/UIKit (2.2.5):
    - BlocksKit/Core
    - BlocksKit/DynamicDelegate
  - FURenderKit (8.3.0)
  - Masonry (1.1.0)
  - PLMediaStreamingKit (3.0.7):
    - PLMediaStreamingKit/iphoneos (= 3.0.7)
  - PLMediaStreamingKit/iphoneos (3.0.7)
  - SVProgressHUD (2.2.5)

DEPENDENCIES:
  - BlocksKit
  - FURenderKit (~> 8.3.0)
  - Masonry
  - PLMediaStreamingKit (~> 3.0.7)
  - SVProgressHUD

SPEC REPOS:
  https://mirrors.tuna.tsinghua.edu.cn/git/CocoaPods/Specs.git:
    - BlocksKit
    - FURenderKit
    - Masonry
    - PLMediaStreamingKit
    - SVProgressHUD

SPEC CHECKSUMS:
  BlocksKit: 7f422b971407001178d181a43b99014ea2591fe6
  FURenderKit: 3cd05abd03134d287a1d63cbaaeb95d304ba6bd6
  Masonry: 678fab65091a9290e40e2832a55e7ab731aad201
  PLMediaStreamingKit: 1fb5c63f2f0b64bdd7efe31fec4b758894ea6626
  SVProgressHUD: 1428aafac632c1f86f62aa4243ec12008d7a51d6

PODFILE CHECKSUM: 7c8ddec142f89da4a5fa28dac20dc1d74dd490cc

COCOAPODS: 1.11.3
