// !$*UTF8*$!
{
	archiveVersion = 1;
	classes = {
	};
	objectVersion = 46;
	objects = {

/* Begin PBXBuildFile section */
		0AA48E342101FDCC00EA31B7 /* 002.png in Resources */ = {isa = PBXBuildFile; fileRef = 0AA48E212101FDCB00EA31B7 /* 002.png */; };
		0AA48E352101FDCC00EA31B7 /* bt_paster_transform@3x.png in Resources */ = {isa = PBXBuildFile; fileRef = 0AA48E222101FDCB00EA31B7 /* bt_paster_transform@3x.png */; };
		0AA48E362101FDCC00EA31B7 /* 003.png in Resources */ = {isa = PBXBuildFile; fileRef = 0AA48E232101FDCB00EA31B7 /* 003.png */; };
		0AA48E372101FDCC00EA31B7 /* bt_paster_delete.png in Resources */ = {isa = PBXBuildFile; fileRef = 0AA48E242101FDCB00EA31B7 /* bt_paster_delete.png */; };
		0AA48E382101FDCC00EA31B7 /* 001.png in Resources */ = {isa = PBXBuildFile; fileRef = 0AA48E252101FDCB00EA31B7 /* 001.png */; };
		0AA48E392101FDCC00EA31B7 /* 004.png in Resources */ = {isa = PBXBuildFile; fileRef = 0AA48E262101FDCB00EA31B7 /* 004.png */; };
		0AA48E3A2101FDCC00EA31B7 /* 005.png in Resources */ = {isa = PBXBuildFile; fileRef = 0AA48E272101FDCB00EA31B7 /* 005.png */; };
		0AA48E3B2101FDCC00EA31B7 /* 007.png in Resources */ = {isa = PBXBuildFile; fileRef = 0AA48E282101FDCB00EA31B7 /* 007.png */; };
		0AA48E3C2101FDCC00EA31B7 /* bt_paster_transform@2x.png in Resources */ = {isa = PBXBuildFile; fileRef = 0AA48E292101FDCB00EA31B7 /* bt_paster_transform@2x.png */; };
		0AA48E3D2101FDCC00EA31B7 /* 006.png in Resources */ = {isa = PBXBuildFile; fileRef = 0AA48E2A2101FDCB00EA31B7 /* 006.png */; };
		0AA48E3E2101FDCC00EA31B7 /* bt_paster_transform.png in Resources */ = {isa = PBXBuildFile; fileRef = 0AA48E2B2101FDCB00EA31B7 /* bt_paster_transform.png */; };
		0AA48E3F2101FDCC00EA31B7 /* 008.png in Resources */ = {isa = PBXBuildFile; fileRef = 0AA48E2C2101FDCB00EA31B7 /* 008.png */; };
		0AA48E402101FDCC00EA31B7 /* 009.png in Resources */ = {isa = PBXBuildFile; fileRef = 0AA48E2D2101FDCB00EA31B7 /* 009.png */; };
		0AA48E412101FDCC00EA31B7 /* bt_paster_delete@2x.png in Resources */ = {isa = PBXBuildFile; fileRef = 0AA48E2E2101FDCB00EA31B7 /* bt_paster_delete@2x.png */; };
		0AA48E422101FDCC00EA31B7 /* bt_paster_delete@3x.png in Resources */ = {isa = PBXBuildFile; fileRef = 0AA48E2F2101FDCB00EA31B7 /* bt_paster_delete@3x.png */; };
		0AA48E432101FDCC00EA31B7 /* PLPasterView.m in Sources */ = {isa = PBXBuildFile; fileRef = 0AA48E312101FDCB00EA31B7 /* PLPasterView.m */; };
		0AA48E442101FDCC00EA31B7 /* PLPasterScrollView.m in Sources */ = {isa = PBXBuildFile; fileRef = 0AA48E332101FDCB00EA31B7 /* PLPasterScrollView.m */; };
		0AA48E472101FFAE00EA31B7 /* NSString+Random.m in Sources */ = {isa = PBXBuildFile; fileRef = 0AA48E452101FFAE00EA31B7 /* NSString+Random.m */; };
		0AA48E4D2102001A00EA31B7 /* TestMusic2.wav in Resources */ = {isa = PBXBuildFile; fileRef = 0AA48E482102001A00EA31B7 /* TestMusic2.wav */; };
		0AA48E4E2102001A00EA31B7 /* TestMusic1.m4a in Resources */ = {isa = PBXBuildFile; fileRef = 0AA48E492102001A00EA31B7 /* TestMusic1.m4a */; };
		0AA48E4F2102001A00EA31B7 /* TestMusic5.mp3 in Resources */ = {isa = PBXBuildFile; fileRef = 0AA48E4A2102001A00EA31B7 /* TestMusic5.mp3 */; };
		0AA48E502102001A00EA31B7 /* TestMusic4.mp3 in Resources */ = {isa = PBXBuildFile; fileRef = 0AA48E4B2102001A00EA31B7 /* TestMusic4.mp3 */; };
		0AA48E512102001A00EA31B7 /* TestMusic3.mp3 in Resources */ = {isa = PBXBuildFile; fileRef = 0AA48E4C2102001A00EA31B7 /* TestMusic3.mp3 */; };
		0BA2F46021BFB5DD008C3071 /* Accelerate.framework in Frameworks */ = {isa = PBXBuildFile; fileRef = 0BA2F45F21BFB5DD008C3071 /* Accelerate.framework */; };
		1CB31FA1A509BFCE50E56392 /* libPods-PLMediaStreamingKitDemo.a in Frameworks */ = {isa = PBXBuildFile; fileRef = 6D38E0519CDFBF6954B8389D /* libPods-PLMediaStreamingKitDemo.a */; };
		2DB7B5D32542D6A70016478A /* CoreML.framework in Frameworks */ = {isa = PBXBuildFile; fileRef = 2DB7B5D22542D6A70016478A /* CoreML.framework */; settings = {ATTRIBUTES = (Weak, ); }; };
		2DD1782B29A4C1C700E2075B /* FUBeautyFilterViewModel.m in Sources */ = {isa = PBXBuildFile; fileRef = 2DD177C729A4C1C600E2075B /* FUBeautyFilterViewModel.m */; };
		2DD1782C29A4C1C700E2075B /* FUBeautySkinViewModel.m in Sources */ = {isa = PBXBuildFile; fileRef = 2DD177C829A4C1C600E2075B /* FUBeautySkinViewModel.m */; };
		2DD1782D29A4C1C700E2075B /* FUBeautyShapeViewModel.m in Sources */ = {isa = PBXBuildFile; fileRef = 2DD177CA29A4C1C600E2075B /* FUBeautyShapeViewModel.m */; };
		2DD1782E29A4C1C700E2075B /* FUStickerViewModel.m in Sources */ = {isa = PBXBuildFile; fileRef = 2DD177CF29A4C1C600E2075B /* FUStickerViewModel.m */; };
		2DD1782F29A4C1C700E2075B /* FUBodyViewModel.m in Sources */ = {isa = PBXBuildFile; fileRef = 2DD177D129A4C1C600E2075B /* FUBodyViewModel.m */; };
		2DD1783029A4C1C700E2075B /* FUMakeupViewModel.m in Sources */ = {isa = PBXBuildFile; fileRef = 2DD177D229A4C1C600E2075B /* FUMakeupViewModel.m */; };
		2DD1783129A4C1C700E2075B /* FUDemoManager.m in Sources */ = {isa = PBXBuildFile; fileRef = 2DD177D529A4C1C600E2075B /* FUDemoManager.m */; };
		2DD1783229A4C1C700E2075B /* FUTestRecorder.m in Sources */ = {isa = PBXBuildFile; fileRef = 2DD177D629A4C1C600E2075B /* FUTestRecorder.m */; };
		2DD1783329A4C1C700E2075B /* FUBeautyShapeModel.m in Sources */ = {isa = PBXBuildFile; fileRef = 2DD177D829A4C1C600E2075B /* FUBeautyShapeModel.m */; };
		2DD1783429A4C1C700E2075B /* FUBeautyFilterModel.m in Sources */ = {isa = PBXBuildFile; fileRef = 2DD177D929A4C1C600E2075B /* FUBeautyFilterModel.m */; };
		2DD1783529A4C1C700E2075B /* FUBodyModel.m in Sources */ = {isa = PBXBuildFile; fileRef = 2DD177DA29A4C1C600E2075B /* FUBodyModel.m */; };
		2DD1783629A4C1C700E2075B /* FUBeautySkinModel.m in Sources */ = {isa = PBXBuildFile; fileRef = 2DD177DB29A4C1C600E2075B /* FUBeautySkinModel.m */; };
		2DD1783729A4C1C700E2075B /* FUStickerModel.m in Sources */ = {isa = PBXBuildFile; fileRef = 2DD177E229A4C1C600E2075B /* FUStickerModel.m */; };
		2DD1783829A4C1C700E2075B /* FUMakeupModel.m in Sources */ = {isa = PBXBuildFile; fileRef = 2DD177E329A4C1C600E2075B /* FUMakeupModel.m */; };
		2DD1783929A4C1C700E2075B /* FUStickerView.m in Sources */ = {isa = PBXBuildFile; fileRef = 2DD177E729A4C1C600E2075B /* FUStickerView.m */; };
		2DD1783A29A4C1C700E2075B /* FUAlertManager.m in Sources */ = {isa = PBXBuildFile; fileRef = 2DD177EB29A4C1C600E2075B /* FUAlertManager.m */; };
		2DD1783B29A4C1C700E2075B /* FUAlertController.m in Sources */ = {isa = PBXBuildFile; fileRef = 2DD177EC29A4C1C600E2075B /* FUAlertController.m */; };
		2DD1783C29A4C1C700E2075B /* FUBeautySkinView.m in Sources */ = {isa = PBXBuildFile; fileRef = 2DD177EF29A4C1C600E2075B /* FUBeautySkinView.m */; };
		2DD1783D29A4C1C700E2075B /* FUSlider.m in Sources */ = {isa = PBXBuildFile; fileRef = 2DD177F129A4C1C700E2075B /* FUSlider.m */; };
		2DD1783E29A4C1C700E2075B /* FUInsetsLabel.m in Sources */ = {isa = PBXBuildFile; fileRef = 2DD177F429A4C1C700E2075B /* FUInsetsLabel.m */; };
		2DD1783F29A4C1C700E2075B /* FUBeautyFilterView.m in Sources */ = {isa = PBXBuildFile; fileRef = 2DD177F629A4C1C700E2075B /* FUBeautyFilterView.m */; };
		2DD1784029A4C1C700E2075B /* FUMakeupView.m in Sources */ = {isa = PBXBuildFile; fileRef = 2DD177F829A4C1C700E2075B /* FUMakeupView.m */; };
		2DD1784129A4C1C700E2075B /* FUBeautyShapeView.m in Sources */ = {isa = PBXBuildFile; fileRef = 2DD177F929A4C1C700E2075B /* FUBeautyShapeView.m */; };
		2DD1784229A4C1C700E2075B /* FUTipHUD.m in Sources */ = {isa = PBXBuildFile; fileRef = 2DD177FC29A4C1C700E2075B /* FUTipHUD.m */; };
		2DD1784329A4C1C700E2075B /* FUBodyView.m in Sources */ = {isa = PBXBuildFile; fileRef = 2DD177FD29A4C1C700E2075B /* FUBodyView.m */; };
		2DD1784429A4C1C700E2075B /* FUSegmentBar.m in Sources */ = {isa = PBXBuildFile; fileRef = 2DD1780029A4C1C700E2075B /* FUSegmentBar.m */; };
		2DD1784529A4C1C700E2075B /* FUSquareButton.m in Sources */ = {isa = PBXBuildFile; fileRef = 2DD1780329A4C1C700E2075B /* FUSquareButton.m */; };
		2DFADC572A5E9C87005F4229 /* beauty_filter.json in Resources */ = {isa = PBXBuildFile; fileRef = 2DFADC342A5E9C87005F4229 /* beauty_filter.json */; };
		2DFADC582A5E9C87005F4229 /* beauty_shape.json in Resources */ = {isa = PBXBuildFile; fileRef = 2DFADC352A5E9C87005F4229 /* beauty_shape.json */; };
		2DFADC592A5E9C87005F4229 /* beauty_skin.json in Resources */ = {isa = PBXBuildFile; fileRef = 2DFADC362A5E9C87005F4229 /* beauty_skin.json */; };
		2DFADC5A2A5E9C87005F4229 /* FaceUnity.strings in Resources */ = {isa = PBXBuildFile; fileRef = 2DFADC372A5E9C87005F4229 /* FaceUnity.strings */; };
		2DFADC5B2A5E9C87005F4229 /* oumei.bundle in Resources */ = {isa = PBXBuildFile; fileRef = 2DFADC3A2A5E9C87005F4229 /* oumei.bundle */; };
		2DFADC5C2A5E9C87005F4229 /* rose.bundle in Resources */ = {isa = PBXBuildFile; fileRef = 2DFADC3B2A5E9C87005F4229 /* rose.bundle */; };
		2DFADC5D2A5E9C87005F4229 /* linjia.bundle in Resources */ = {isa = PBXBuildFile; fileRef = 2DFADC3C2A5E9C87005F4229 /* linjia.bundle */; };
		2DFADC5E2A5E9C87005F4229 /* yanshimao.bundle in Resources */ = {isa = PBXBuildFile; fileRef = 2DFADC3D2A5E9C87005F4229 /* yanshimao.bundle */; };
		2DFADC5F2A5E9C87005F4229 /* tianmei.bundle in Resources */ = {isa = PBXBuildFile; fileRef = 2DFADC3E2A5E9C87005F4229 /* tianmei.bundle */; };
		2DFADC602A5E9C87005F4229 /* ziyun.bundle in Resources */ = {isa = PBXBuildFile; fileRef = 2DFADC3F2A5E9C87005F4229 /* ziyun.bundle */; };
		2DFADC612A5E9C87005F4229 /* chaomo.bundle in Resources */ = {isa = PBXBuildFile; fileRef = 2DFADC402A5E9C87005F4229 /* chaomo.bundle */; };
		2DFADC622A5E9C87005F4229 /* hongfeng.bundle in Resources */ = {isa = PBXBuildFile; fileRef = 2DFADC412A5E9C87005F4229 /* hongfeng.bundle */; };
		2DFADC632A5E9C87005F4229 /* jianling.bundle in Resources */ = {isa = PBXBuildFile; fileRef = 2DFADC422A5E9C87005F4229 /* jianling.bundle */; };
		2DFADC642A5E9C87005F4229 /* gangfeng.bundle in Resources */ = {isa = PBXBuildFile; fileRef = 2DFADC432A5E9C87005F4229 /* gangfeng.bundle */; };
		2DFADC652A5E9C87005F4229 /* combination_makeups.json in Resources */ = {isa = PBXBuildFile; fileRef = 2DFADC442A5E9C87005F4229 /* combination_makeups.json */; };
		2DFADC662A5E9C87005F4229 /* chuju.bundle in Resources */ = {isa = PBXBuildFile; fileRef = 2DFADC452A5E9C87005F4229 /* chuju.bundle */; };
		2DFADC672A5E9C87005F4229 /* renyu.bundle in Resources */ = {isa = PBXBuildFile; fileRef = 2DFADC462A5E9C87005F4229 /* renyu.bundle */; };
		2DFADC682A5E9C87005F4229 /* qianzhihe.bundle in Resources */ = {isa = PBXBuildFile; fileRef = 2DFADC472A5E9C87005F4229 /* qianzhihe.bundle */; };
		2DFADC692A5E9C87005F4229 /* wumei.bundle in Resources */ = {isa = PBXBuildFile; fileRef = 2DFADC482A5E9C87005F4229 /* wumei.bundle */; };
		2DFADC6A2A5E9C87005F4229 /* shaonv.bundle in Resources */ = {isa = PBXBuildFile; fileRef = 2DFADC492A5E9C87005F4229 /* shaonv.bundle */; };
		2DFADC6B2A5E9C87005F4229 /* chuqiu.bundle in Resources */ = {isa = PBXBuildFile; fileRef = 2DFADC4A2A5E9C87005F4229 /* chuqiu.bundle */; };
		2DFADC6C2A5E9C87005F4229 /* nuandong.bundle in Resources */ = {isa = PBXBuildFile; fileRef = 2DFADC4B2A5E9C87005F4229 /* nuandong.bundle */; };
		2DFADC6D2A5E9C87005F4229 /* xinggan.bundle in Resources */ = {isa = PBXBuildFile; fileRef = 2DFADC4C2A5E9C87005F4229 /* xinggan.bundle */; };
		2DFADC6E2A5E9C87005F4229 /* FaceUnity.xcassets in Resources */ = {isa = PBXBuildFile; fileRef = 2DFADC4E2A5E9C87005F4229 /* FaceUnity.xcassets */; };
		2DFADC6F2A5E9C87005F4229 /* body.json in Resources */ = {isa = PBXBuildFile; fileRef = 2DFADC502A5E9C87005F4229 /* body.json */; };
		2DFADC702A5E9C87005F4229 /* fashi.bundle in Resources */ = {isa = PBXBuildFile; fileRef = 2DFADC522A5E9C87005F4229 /* fashi.bundle */; };
		2DFADC712A5E9C87005F4229 /* CatSparks.bundle in Resources */ = {isa = PBXBuildFile; fileRef = 2DFADC532A5E9C87005F4229 /* CatSparks.bundle */; };
		2DFADC722A5E9C87005F4229 /* stickers.json in Resources */ = {isa = PBXBuildFile; fileRef = 2DFADC542A5E9C87005F4229 /* stickers.json */; };
		2DFADC732A5E9C87005F4229 /* sdlu.bundle in Resources */ = {isa = PBXBuildFile; fileRef = 2DFADC552A5E9C87005F4229 /* sdlu.bundle */; };
		2DFADC742A5E9C87005F4229 /* sdlr.bundle in Resources */ = {isa = PBXBuildFile; fileRef = 2DFADC562A5E9C87005F4229 /* sdlr.bundle */; };
		6003F58E195388D20070C39A /* Foundation.framework in Frameworks */ = {isa = PBXBuildFile; fileRef = 6003F58D195388D20070C39A /* Foundation.framework */; };
		6003F590195388D20070C39A /* CoreGraphics.framework in Frameworks */ = {isa = PBXBuildFile; fileRef = 6003F58F195388D20070C39A /* CoreGraphics.framework */; };
		6003F592195388D20070C39A /* UIKit.framework in Frameworks */ = {isa = PBXBuildFile; fileRef = 6003F591195388D20070C39A /* UIKit.framework */; };
		6003F5B1195388D20070C39A /* Foundation.framework in Frameworks */ = {isa = PBXBuildFile; fileRef = 6003F58D195388D20070C39A /* Foundation.framework */; };
		6003F5B2195388D20070C39A /* UIKit.framework in Frameworks */ = {isa = PBXBuildFile; fileRef = 6003F591195388D20070C39A /* UIKit.framework */; };
		767D4D8920561FF300E619D2 /* PLViewController.m in Sources */ = {isa = PBXBuildFile; fileRef = 767D4D8820561FF300E619D2 /* PLViewController.m */; };
		769750EF1A6331080079423B /* VideoToolbox.framework in Frameworks */ = {isa = PBXBuildFile; fileRef = 769750EC1A6329DC0079423B /* VideoToolbox.framework */; };
		B651FF9C1D93DA1F00D1C578 /* qiniu.png in Resources */ = {isa = PBXBuildFile; fileRef = B651FF941D93DA1F00D1C578 /* qiniu.png */; };
		B651FFA21D93DA1F00D1C578 /* xiaoqi1.png in Resources */ = {isa = PBXBuildFile; fileRef = B651FF9A1D93DA1F00D1C578 /* xiaoqi1.png */; };
		B651FFA31D93DA1F00D1C578 /* xiaoqi2.png in Resources */ = {isa = PBXBuildFile; fileRef = B651FF9B1D93DA1F00D1C578 /* xiaoqi2.png */; };
		B6FC33981D93C301004EEE29 /* Images.xcassets in Resources */ = {isa = PBXBuildFile; fileRef = B6FC33901D93C301004EEE29 /* Images.xcassets */; };
		B6FC33991D93C301004EEE29 /* main.m in Sources */ = {isa = PBXBuildFile; fileRef = B6FC33931D93C301004EEE29 /* main.m */; };
		B6FC33AB1D93C398004EEE29 /* PLMainViewController.m in Sources */ = {isa = PBXBuildFile; fileRef = B6FC339C1D93C398004EEE29 /* PLMainViewController.m */; };
		B6FC33AC1D93C398004EEE29 /* PLModelPanelGenerator.m in Sources */ = {isa = PBXBuildFile; fileRef = B6FC339E1D93C398004EEE29 /* PLModelPanelGenerator.m */; };
		B6FC33AD1D93C398004EEE29 /* PLPanelDelegateGenerator.m in Sources */ = {isa = PBXBuildFile; fileRef = B6FC33A01D93C398004EEE29 /* PLPanelDelegateGenerator.m */; };
		B6FC33AE1D93C398004EEE29 /* PLPermissionRequestor.m in Sources */ = {isa = PBXBuildFile; fileRef = B6FC33A21D93C398004EEE29 /* PLPermissionRequestor.m */; };
		B6FC33AF1D93C398004EEE29 /* PLStreamingSessionConstructor.m in Sources */ = {isa = PBXBuildFile; fileRef = B6FC33A41D93C398004EEE29 /* PLStreamingSessionConstructor.m */; };
		B6FC33B41D93C470004EEE29 /* PLAppDelegate.m in Sources */ = {isa = PBXBuildFile; fileRef = B6FC33B31D93C470004EEE29 /* PLAppDelegate.m */; };
		B6FC33CC1D93C970004EEE29 /* PLAlertSpinner.m in Sources */ = {isa = PBXBuildFile; fileRef = B6FC33BE1D93C970004EEE29 /* PLAlertSpinner.m */; };
		B6FC33CD1D93C970004EEE29 /* PLAttributeModel.m in Sources */ = {isa = PBXBuildFile; fileRef = B6FC33C01D93C970004EEE29 /* PLAttributeModel.m */; };
		B6FC33CE1D93C970004EEE29 /* PLDelgateHelper.m in Sources */ = {isa = PBXBuildFile; fileRef = B6FC33C21D93C970004EEE29 /* PLDelgateHelper.m */; };
		B6FC33CF1D93C970004EEE29 /* PLLogDisplayer.m in Sources */ = {isa = PBXBuildFile; fileRef = B6FC33C41D93C970004EEE29 /* PLLogDisplayer.m */; };
		B6FC33D01D93C970004EEE29 /* PLMainTabBarController.m in Sources */ = {isa = PBXBuildFile; fileRef = B6FC33C61D93C970004EEE29 /* PLMainTabBarController.m */; };
		B6FC33D11D93C970004EEE29 /* PLPanelModel.m in Sources */ = {isa = PBXBuildFile; fileRef = B6FC33C81D93C970004EEE29 /* PLPanelModel.m */; };
		B6FC33D21D93C970004EEE29 /* PLTitleValueConf.m in Sources */ = {isa = PBXBuildFile; fileRef = B6FC33CB1D93C970004EEE29 /* PLTitleValueConf.m */; };
/* End PBXBuildFile section */

/* Begin PBXContainerItemProxy section */
		6003F5B3195388D20070C39A /* PBXContainerItemProxy */ = {
			isa = PBXContainerItemProxy;
			containerPortal = 6003F582195388D10070C39A /* Project object */;
			proxyType = 1;
			remoteGlobalIDString = 6003F589195388D20070C39A;
			remoteInfo = PLCameraStreamingKit;
		};
/* End PBXContainerItemProxy section */

/* Begin PBXCopyFilesBuildPhase section */
		2D8E9A5F2644EC2800B801DF /* Embed Frameworks */ = {
			isa = PBXCopyFilesBuildPhase;
			buildActionMask = 2147483647;
			dstPath = "";
			dstSubfolderSpec = 10;
			files = (
			);
			name = "Embed Frameworks";
			runOnlyForDeploymentPostprocessing = 0;
		};
/* End PBXCopyFilesBuildPhase section */

/* Begin PBXFileReference section */
		09EF86FE485DC921D9EC2C00 /* Pods-PLMediaStreamingKitDemo.debug.xcconfig */ = {isa = PBXFileReference; includeInIndex = 1; lastKnownFileType = text.xcconfig; name = "Pods-PLMediaStreamingKitDemo.debug.xcconfig"; path = "Pods/Target Support Files/Pods-PLMediaStreamingKitDemo/Pods-PLMediaStreamingKitDemo.debug.xcconfig"; sourceTree = "<group>"; };
		0AA48E212101FDCB00EA31B7 /* 002.png */ = {isa = PBXFileReference; lastKnownFileType = image.png; path = 002.png; sourceTree = "<group>"; };
		0AA48E222101FDCB00EA31B7 /* bt_paster_transform@3x.png */ = {isa = PBXFileReference; lastKnownFileType = image.png; path = "bt_paster_transform@3x.png"; sourceTree = "<group>"; };
		0AA48E232101FDCB00EA31B7 /* 003.png */ = {isa = PBXFileReference; lastKnownFileType = image.png; path = 003.png; sourceTree = "<group>"; };
		0AA48E242101FDCB00EA31B7 /* bt_paster_delete.png */ = {isa = PBXFileReference; lastKnownFileType = image.png; path = bt_paster_delete.png; sourceTree = "<group>"; };
		0AA48E252101FDCB00EA31B7 /* 001.png */ = {isa = PBXFileReference; lastKnownFileType = image.png; path = 001.png; sourceTree = "<group>"; };
		0AA48E262101FDCB00EA31B7 /* 004.png */ = {isa = PBXFileReference; lastKnownFileType = image.png; path = 004.png; sourceTree = "<group>"; };
		0AA48E272101FDCB00EA31B7 /* 005.png */ = {isa = PBXFileReference; lastKnownFileType = image.png; path = 005.png; sourceTree = "<group>"; };
		0AA48E282101FDCB00EA31B7 /* 007.png */ = {isa = PBXFileReference; lastKnownFileType = image.png; path = 007.png; sourceTree = "<group>"; };
		0AA48E292101FDCB00EA31B7 /* bt_paster_transform@2x.png */ = {isa = PBXFileReference; lastKnownFileType = image.png; path = "bt_paster_transform@2x.png"; sourceTree = "<group>"; };
		0AA48E2A2101FDCB00EA31B7 /* 006.png */ = {isa = PBXFileReference; lastKnownFileType = image.png; path = 006.png; sourceTree = "<group>"; };
		0AA48E2B2101FDCB00EA31B7 /* bt_paster_transform.png */ = {isa = PBXFileReference; lastKnownFileType = image.png; path = bt_paster_transform.png; sourceTree = "<group>"; };
		0AA48E2C2101FDCB00EA31B7 /* 008.png */ = {isa = PBXFileReference; lastKnownFileType = image.png; path = 008.png; sourceTree = "<group>"; };
		0AA48E2D2101FDCB00EA31B7 /* 009.png */ = {isa = PBXFileReference; lastKnownFileType = image.png; path = 009.png; sourceTree = "<group>"; };
		0AA48E2E2101FDCB00EA31B7 /* bt_paster_delete@2x.png */ = {isa = PBXFileReference; lastKnownFileType = image.png; path = "bt_paster_delete@2x.png"; sourceTree = "<group>"; };
		0AA48E2F2101FDCB00EA31B7 /* bt_paster_delete@3x.png */ = {isa = PBXFileReference; lastKnownFileType = image.png; path = "bt_paster_delete@3x.png"; sourceTree = "<group>"; };
		0AA48E302101FDCB00EA31B7 /* PLPasterScrollView.h */ = {isa = PBXFileReference; fileEncoding = 4; lastKnownFileType = sourcecode.c.h; path = PLPasterScrollView.h; sourceTree = "<group>"; };
		0AA48E312101FDCB00EA31B7 /* PLPasterView.m */ = {isa = PBXFileReference; fileEncoding = 4; lastKnownFileType = sourcecode.c.objc; path = PLPasterView.m; sourceTree = "<group>"; };
		0AA48E322101FDCB00EA31B7 /* PLPasterView.h */ = {isa = PBXFileReference; fileEncoding = 4; lastKnownFileType = sourcecode.c.h; path = PLPasterView.h; sourceTree = "<group>"; };
		0AA48E332101FDCB00EA31B7 /* PLPasterScrollView.m */ = {isa = PBXFileReference; fileEncoding = 4; lastKnownFileType = sourcecode.c.objc; path = PLPasterScrollView.m; sourceTree = "<group>"; };
		0AA48E452101FFAE00EA31B7 /* NSString+Random.m */ = {isa = PBXFileReference; fileEncoding = 4; lastKnownFileType = sourcecode.c.objc; path = "NSString+Random.m"; sourceTree = "<group>"; };
		0AA48E462101FFAE00EA31B7 /* NSString+Random.h */ = {isa = PBXFileReference; fileEncoding = 4; lastKnownFileType = sourcecode.c.h; path = "NSString+Random.h"; sourceTree = "<group>"; };
		0AA48E482102001A00EA31B7 /* TestMusic2.wav */ = {isa = PBXFileReference; lastKnownFileType = audio.wav; path = TestMusic2.wav; sourceTree = "<group>"; };
		0AA48E492102001A00EA31B7 /* TestMusic1.m4a */ = {isa = PBXFileReference; lastKnownFileType = file; path = TestMusic1.m4a; sourceTree = "<group>"; };
		0AA48E4A2102001A00EA31B7 /* TestMusic5.mp3 */ = {isa = PBXFileReference; lastKnownFileType = audio.mp3; path = TestMusic5.mp3; sourceTree = "<group>"; };
		0AA48E4B2102001A00EA31B7 /* TestMusic4.mp3 */ = {isa = PBXFileReference; lastKnownFileType = audio.mp3; path = TestMusic4.mp3; sourceTree = "<group>"; };
		0AA48E4C2102001A00EA31B7 /* TestMusic3.mp3 */ = {isa = PBXFileReference; lastKnownFileType = audio.mp3; path = TestMusic3.mp3; sourceTree = "<group>"; };
		0BA2F45F21BFB5DD008C3071 /* Accelerate.framework */ = {isa = PBXFileReference; lastKnownFileType = wrapper.framework; name = Accelerate.framework; path = System/Library/Frameworks/Accelerate.framework; sourceTree = SDKROOT; };
		0C618BE754D25865CFB92AE2 /* Pods-PLMediaStreamingKitDemo.release.xcconfig */ = {isa = PBXFileReference; includeInIndex = 1; lastKnownFileType = text.xcconfig; name = "Pods-PLMediaStreamingKitDemo.release.xcconfig"; path = "Pods/Target Support Files/Pods-PLMediaStreamingKitDemo/Pods-PLMediaStreamingKitDemo.release.xcconfig"; sourceTree = "<group>"; };
		2DB7B5D22542D6A70016478A /* CoreML.framework */ = {isa = PBXFileReference; lastKnownFileType = wrapper.framework; name = CoreML.framework; path = System/Library/Frameworks/CoreML.framework; sourceTree = SDKROOT; };
		2DC95F7C288E468000A80478 /* authpack.h */ = {isa = PBXFileReference; fileEncoding = 4; lastKnownFileType = sourcecode.c.h; path = authpack.h; sourceTree = "<group>"; };
		2DD177C729A4C1C600E2075B /* FUBeautyFilterViewModel.m */ = {isa = PBXFileReference; fileEncoding = 4; lastKnownFileType = sourcecode.c.objc; path = FUBeautyFilterViewModel.m; sourceTree = "<group>"; };
		2DD177C829A4C1C600E2075B /* FUBeautySkinViewModel.m */ = {isa = PBXFileReference; fileEncoding = 4; lastKnownFileType = sourcecode.c.objc; path = FUBeautySkinViewModel.m; sourceTree = "<group>"; };
		2DD177C929A4C1C600E2075B /* FUBodyViewModel.h */ = {isa = PBXFileReference; fileEncoding = 4; lastKnownFileType = sourcecode.c.h; path = FUBodyViewModel.h; sourceTree = "<group>"; };
		2DD177CA29A4C1C600E2075B /* FUBeautyShapeViewModel.m */ = {isa = PBXFileReference; fileEncoding = 4; lastKnownFileType = sourcecode.c.objc; path = FUBeautyShapeViewModel.m; sourceTree = "<group>"; };
		2DD177CB29A4C1C600E2075B /* FUStickerViewModel.h */ = {isa = PBXFileReference; fileEncoding = 4; lastKnownFileType = sourcecode.c.h; path = FUStickerViewModel.h; sourceTree = "<group>"; };
		2DD177CC29A4C1C600E2075B /* FUMakeupViewModel.h */ = {isa = PBXFileReference; fileEncoding = 4; lastKnownFileType = sourcecode.c.h; path = FUMakeupViewModel.h; sourceTree = "<group>"; };
		2DD177CD29A4C1C600E2075B /* FUBeautyFilterViewModel.h */ = {isa = PBXFileReference; fileEncoding = 4; lastKnownFileType = sourcecode.c.h; path = FUBeautyFilterViewModel.h; sourceTree = "<group>"; };
		2DD177CE29A4C1C600E2075B /* FUBeautySkinViewModel.h */ = {isa = PBXFileReference; fileEncoding = 4; lastKnownFileType = sourcecode.c.h; path = FUBeautySkinViewModel.h; sourceTree = "<group>"; };
		2DD177CF29A4C1C600E2075B /* FUStickerViewModel.m */ = {isa = PBXFileReference; fileEncoding = 4; lastKnownFileType = sourcecode.c.objc; path = FUStickerViewModel.m; sourceTree = "<group>"; };
		2DD177D029A4C1C600E2075B /* FUBeautyShapeViewModel.h */ = {isa = PBXFileReference; fileEncoding = 4; lastKnownFileType = sourcecode.c.h; path = FUBeautyShapeViewModel.h; sourceTree = "<group>"; };
		2DD177D129A4C1C600E2075B /* FUBodyViewModel.m */ = {isa = PBXFileReference; fileEncoding = 4; lastKnownFileType = sourcecode.c.objc; path = FUBodyViewModel.m; sourceTree = "<group>"; };
		2DD177D229A4C1C600E2075B /* FUMakeupViewModel.m */ = {isa = PBXFileReference; fileEncoding = 4; lastKnownFileType = sourcecode.c.objc; path = FUMakeupViewModel.m; sourceTree = "<group>"; };
		2DD177D329A4C1C600E2075B /* FUTestRecorder.h */ = {isa = PBXFileReference; fileEncoding = 4; lastKnownFileType = sourcecode.c.h; path = FUTestRecorder.h; sourceTree = "<group>"; };
		2DD177D429A4C1C600E2075B /* FUDefines.h */ = {isa = PBXFileReference; fileEncoding = 4; lastKnownFileType = sourcecode.c.h; path = FUDefines.h; sourceTree = "<group>"; };
		2DD177D529A4C1C600E2075B /* FUDemoManager.m */ = {isa = PBXFileReference; fileEncoding = 4; lastKnownFileType = sourcecode.c.objc; path = FUDemoManager.m; sourceTree = "<group>"; };
		2DD177D629A4C1C600E2075B /* FUTestRecorder.m */ = {isa = PBXFileReference; fileEncoding = 4; lastKnownFileType = sourcecode.c.objc; path = FUTestRecorder.m; sourceTree = "<group>"; };
		2DD177D829A4C1C600E2075B /* FUBeautyShapeModel.m */ = {isa = PBXFileReference; fileEncoding = 4; lastKnownFileType = sourcecode.c.objc; path = FUBeautyShapeModel.m; sourceTree = "<group>"; };
		2DD177D929A4C1C600E2075B /* FUBeautyFilterModel.m */ = {isa = PBXFileReference; fileEncoding = 4; lastKnownFileType = sourcecode.c.objc; path = FUBeautyFilterModel.m; sourceTree = "<group>"; };
		2DD177DA29A4C1C600E2075B /* FUBodyModel.m */ = {isa = PBXFileReference; fileEncoding = 4; lastKnownFileType = sourcecode.c.objc; path = FUBodyModel.m; sourceTree = "<group>"; };
		2DD177DB29A4C1C600E2075B /* FUBeautySkinModel.m */ = {isa = PBXFileReference; fileEncoding = 4; lastKnownFileType = sourcecode.c.objc; path = FUBeautySkinModel.m; sourceTree = "<group>"; };
		2DD177DC29A4C1C600E2075B /* FUMakeupModel.h */ = {isa = PBXFileReference; fileEncoding = 4; lastKnownFileType = sourcecode.c.h; path = FUMakeupModel.h; sourceTree = "<group>"; };
		2DD177DD29A4C1C600E2075B /* FUStickerModel.h */ = {isa = PBXFileReference; fileEncoding = 4; lastKnownFileType = sourcecode.c.h; path = FUStickerModel.h; sourceTree = "<group>"; };
		2DD177DE29A4C1C600E2075B /* FUBeautyShapeModel.h */ = {isa = PBXFileReference; fileEncoding = 4; lastKnownFileType = sourcecode.c.h; path = FUBeautyShapeModel.h; sourceTree = "<group>"; };
		2DD177DF29A4C1C600E2075B /* FUBodyModel.h */ = {isa = PBXFileReference; fileEncoding = 4; lastKnownFileType = sourcecode.c.h; path = FUBodyModel.h; sourceTree = "<group>"; };
		2DD177E029A4C1C600E2075B /* FUBeautyFilterModel.h */ = {isa = PBXFileReference; fileEncoding = 4; lastKnownFileType = sourcecode.c.h; path = FUBeautyFilterModel.h; sourceTree = "<group>"; };
		2DD177E129A4C1C600E2075B /* FUBeautySkinModel.h */ = {isa = PBXFileReference; fileEncoding = 4; lastKnownFileType = sourcecode.c.h; path = FUBeautySkinModel.h; sourceTree = "<group>"; };
		2DD177E229A4C1C600E2075B /* FUStickerModel.m */ = {isa = PBXFileReference; fileEncoding = 4; lastKnownFileType = sourcecode.c.objc; path = FUStickerModel.m; sourceTree = "<group>"; };
		2DD177E329A4C1C600E2075B /* FUMakeupModel.m */ = {isa = PBXFileReference; fileEncoding = 4; lastKnownFileType = sourcecode.c.objc; path = FUMakeupModel.m; sourceTree = "<group>"; };
		2DD177E529A4C1C600E2075B /* FUBeautyFilterView.h */ = {isa = PBXFileReference; fileEncoding = 4; lastKnownFileType = sourcecode.c.h; path = FUBeautyFilterView.h; sourceTree = "<group>"; };
		2DD177E629A4C1C600E2075B /* FUMakeupView.h */ = {isa = PBXFileReference; fileEncoding = 4; lastKnownFileType = sourcecode.c.h; path = FUMakeupView.h; sourceTree = "<group>"; };
		2DD177E729A4C1C600E2075B /* FUStickerView.m */ = {isa = PBXFileReference; fileEncoding = 4; lastKnownFileType = sourcecode.c.objc; path = FUStickerView.m; sourceTree = "<group>"; };
		2DD177E929A4C1C600E2075B /* FUAlertManager.h */ = {isa = PBXFileReference; fileEncoding = 4; lastKnownFileType = sourcecode.c.h; path = FUAlertManager.h; sourceTree = "<group>"; };
		2DD177EA29A4C1C600E2075B /* FUAlertController.h */ = {isa = PBXFileReference; fileEncoding = 4; lastKnownFileType = sourcecode.c.h; path = FUAlertController.h; sourceTree = "<group>"; };
		2DD177EB29A4C1C600E2075B /* FUAlertManager.m */ = {isa = PBXFileReference; fileEncoding = 4; lastKnownFileType = sourcecode.c.objc; path = FUAlertManager.m; sourceTree = "<group>"; };
		2DD177EC29A4C1C600E2075B /* FUAlertController.m */ = {isa = PBXFileReference; fileEncoding = 4; lastKnownFileType = sourcecode.c.objc; path = FUAlertController.m; sourceTree = "<group>"; };
		2DD177ED29A4C1C600E2075B /* FUBodyView.h */ = {isa = PBXFileReference; fileEncoding = 4; lastKnownFileType = sourcecode.c.h; path = FUBodyView.h; sourceTree = "<group>"; };
		2DD177EE29A4C1C600E2075B /* FUBeautyShapeView.h */ = {isa = PBXFileReference; fileEncoding = 4; lastKnownFileType = sourcecode.c.h; path = FUBeautyShapeView.h; sourceTree = "<group>"; };
		2DD177EF29A4C1C600E2075B /* FUBeautySkinView.m */ = {isa = PBXFileReference; fileEncoding = 4; lastKnownFileType = sourcecode.c.objc; path = FUBeautySkinView.m; sourceTree = "<group>"; };
		2DD177F129A4C1C700E2075B /* FUSlider.m */ = {isa = PBXFileReference; fileEncoding = 4; lastKnownFileType = sourcecode.c.objc; path = FUSlider.m; sourceTree = "<group>"; };
		2DD177F229A4C1C700E2075B /* FUSlider.h */ = {isa = PBXFileReference; fileEncoding = 4; lastKnownFileType = sourcecode.c.h; path = FUSlider.h; sourceTree = "<group>"; };
		2DD177F429A4C1C700E2075B /* FUInsetsLabel.m */ = {isa = PBXFileReference; fileEncoding = 4; lastKnownFileType = sourcecode.c.objc; path = FUInsetsLabel.m; sourceTree = "<group>"; };
		2DD177F529A4C1C700E2075B /* FUInsetsLabel.h */ = {isa = PBXFileReference; fileEncoding = 4; lastKnownFileType = sourcecode.c.h; path = FUInsetsLabel.h; sourceTree = "<group>"; };
		2DD177F629A4C1C700E2075B /* FUBeautyFilterView.m */ = {isa = PBXFileReference; fileEncoding = 4; lastKnownFileType = sourcecode.c.objc; path = FUBeautyFilterView.m; sourceTree = "<group>"; };
		2DD177F729A4C1C700E2075B /* FUStickerView.h */ = {isa = PBXFileReference; fileEncoding = 4; lastKnownFileType = sourcecode.c.h; path = FUStickerView.h; sourceTree = "<group>"; };
		2DD177F829A4C1C700E2075B /* FUMakeupView.m */ = {isa = PBXFileReference; fileEncoding = 4; lastKnownFileType = sourcecode.c.objc; path = FUMakeupView.m; sourceTree = "<group>"; };
		2DD177F929A4C1C700E2075B /* FUBeautyShapeView.m */ = {isa = PBXFileReference; fileEncoding = 4; lastKnownFileType = sourcecode.c.objc; path = FUBeautyShapeView.m; sourceTree = "<group>"; };
		2DD177FB29A4C1C700E2075B /* FUTipHUD.h */ = {isa = PBXFileReference; fileEncoding = 4; lastKnownFileType = sourcecode.c.h; path = FUTipHUD.h; sourceTree = "<group>"; };
		2DD177FC29A4C1C700E2075B /* FUTipHUD.m */ = {isa = PBXFileReference; fileEncoding = 4; lastKnownFileType = sourcecode.c.objc; path = FUTipHUD.m; sourceTree = "<group>"; };
		2DD177FD29A4C1C700E2075B /* FUBodyView.m */ = {isa = PBXFileReference; fileEncoding = 4; lastKnownFileType = sourcecode.c.objc; path = FUBodyView.m; sourceTree = "<group>"; };
		2DD177FF29A4C1C700E2075B /* FUSegmentBar.h */ = {isa = PBXFileReference; fileEncoding = 4; lastKnownFileType = sourcecode.c.h; path = FUSegmentBar.h; sourceTree = "<group>"; };
		2DD1780029A4C1C700E2075B /* FUSegmentBar.m */ = {isa = PBXFileReference; fileEncoding = 4; lastKnownFileType = sourcecode.c.objc; path = FUSegmentBar.m; sourceTree = "<group>"; };
		2DD1780129A4C1C700E2075B /* FUBeautySkinView.h */ = {isa = PBXFileReference; fileEncoding = 4; lastKnownFileType = sourcecode.c.h; path = FUBeautySkinView.h; sourceTree = "<group>"; };
		2DD1780329A4C1C700E2075B /* FUSquareButton.m */ = {isa = PBXFileReference; fileEncoding = 4; lastKnownFileType = sourcecode.c.objc; path = FUSquareButton.m; sourceTree = "<group>"; };
		2DD1780429A4C1C700E2075B /* FUSquareButton.h */ = {isa = PBXFileReference; fileEncoding = 4; lastKnownFileType = sourcecode.c.h; path = FUSquareButton.h; sourceTree = "<group>"; };
		2DD1780529A4C1C700E2075B /* FUDemoManager.h */ = {isa = PBXFileReference; fileEncoding = 4; lastKnownFileType = sourcecode.c.h; path = FUDemoManager.h; sourceTree = "<group>"; };
		2DFADC342A5E9C87005F4229 /* beauty_filter.json */ = {isa = PBXFileReference; fileEncoding = 4; lastKnownFileType = text.json; path = beauty_filter.json; sourceTree = "<group>"; };
		2DFADC352A5E9C87005F4229 /* beauty_shape.json */ = {isa = PBXFileReference; fileEncoding = 4; lastKnownFileType = text.json; path = beauty_shape.json; sourceTree = "<group>"; };
		2DFADC362A5E9C87005F4229 /* beauty_skin.json */ = {isa = PBXFileReference; fileEncoding = 4; lastKnownFileType = text.json; path = beauty_skin.json; sourceTree = "<group>"; };
		2DFADC382A5E9C87005F4229 /* zh-Hans */ = {isa = PBXFileReference; lastKnownFileType = text.plist.strings; name = "zh-Hans"; path = "zh-Hans.lproj/FaceUnity.strings"; sourceTree = "<group>"; };
		2DFADC3A2A5E9C87005F4229 /* oumei.bundle */ = {isa = PBXFileReference; lastKnownFileType = file; path = oumei.bundle; sourceTree = "<group>"; };
		2DFADC3B2A5E9C87005F4229 /* rose.bundle */ = {isa = PBXFileReference; lastKnownFileType = file; path = rose.bundle; sourceTree = "<group>"; };
		2DFADC3C2A5E9C87005F4229 /* linjia.bundle */ = {isa = PBXFileReference; lastKnownFileType = file; path = linjia.bundle; sourceTree = "<group>"; };
		2DFADC3D2A5E9C87005F4229 /* yanshimao.bundle */ = {isa = PBXFileReference; lastKnownFileType = file; path = yanshimao.bundle; sourceTree = "<group>"; };
		2DFADC3E2A5E9C87005F4229 /* tianmei.bundle */ = {isa = PBXFileReference; lastKnownFileType = file; path = tianmei.bundle; sourceTree = "<group>"; };
		2DFADC3F2A5E9C87005F4229 /* ziyun.bundle */ = {isa = PBXFileReference; lastKnownFileType = file; path = ziyun.bundle; sourceTree = "<group>"; };
		2DFADC402A5E9C87005F4229 /* chaomo.bundle */ = {isa = PBXFileReference; lastKnownFileType = file; path = chaomo.bundle; sourceTree = "<group>"; };
		2DFADC412A5E9C87005F4229 /* hongfeng.bundle */ = {isa = PBXFileReference; lastKnownFileType = file; path = hongfeng.bundle; sourceTree = "<group>"; };
		2DFADC422A5E9C87005F4229 /* jianling.bundle */ = {isa = PBXFileReference; lastKnownFileType = file; path = jianling.bundle; sourceTree = "<group>"; };
		2DFADC432A5E9C87005F4229 /* gangfeng.bundle */ = {isa = PBXFileReference; lastKnownFileType = file; path = gangfeng.bundle; sourceTree = "<group>"; };
		2DFADC442A5E9C87005F4229 /* combination_makeups.json */ = {isa = PBXFileReference; fileEncoding = 4; lastKnownFileType = text.json; path = combination_makeups.json; sourceTree = "<group>"; };
		2DFADC452A5E9C87005F4229 /* chuju.bundle */ = {isa = PBXFileReference; lastKnownFileType = file; path = chuju.bundle; sourceTree = "<group>"; };
		2DFADC462A5E9C87005F4229 /* renyu.bundle */ = {isa = PBXFileReference; lastKnownFileType = file; path = renyu.bundle; sourceTree = "<group>"; };
		2DFADC472A5E9C87005F4229 /* qianzhihe.bundle */ = {isa = PBXFileReference; lastKnownFileType = file; path = qianzhihe.bundle; sourceTree = "<group>"; };
		2DFADC482A5E9C87005F4229 /* wumei.bundle */ = {isa = PBXFileReference; lastKnownFileType = file; path = wumei.bundle; sourceTree = "<group>"; };
		2DFADC492A5E9C87005F4229 /* shaonv.bundle */ = {isa = PBXFileReference; lastKnownFileType = file; path = shaonv.bundle; sourceTree = "<group>"; };
		2DFADC4A2A5E9C87005F4229 /* chuqiu.bundle */ = {isa = PBXFileReference; lastKnownFileType = file; path = chuqiu.bundle; sourceTree = "<group>"; };
		2DFADC4B2A5E9C87005F4229 /* nuandong.bundle */ = {isa = PBXFileReference; lastKnownFileType = file; path = nuandong.bundle; sourceTree = "<group>"; };
		2DFADC4C2A5E9C87005F4229 /* xinggan.bundle */ = {isa = PBXFileReference; lastKnownFileType = file; path = xinggan.bundle; sourceTree = "<group>"; };
		2DFADC4D2A5E9C87005F4229 /* en */ = {isa = PBXFileReference; lastKnownFileType = text.plist.strings; name = en; path = en.lproj/FaceUnity.strings; sourceTree = "<group>"; };
		2DFADC4E2A5E9C87005F4229 /* FaceUnity.xcassets */ = {isa = PBXFileReference; lastKnownFileType = folder.assetcatalog; path = FaceUnity.xcassets; sourceTree = "<group>"; };
		2DFADC502A5E9C87005F4229 /* body.json */ = {isa = PBXFileReference; fileEncoding = 4; lastKnownFileType = text.json; path = body.json; sourceTree = "<group>"; };
		2DFADC522A5E9C87005F4229 /* fashi.bundle */ = {isa = PBXFileReference; lastKnownFileType = file; path = fashi.bundle; sourceTree = "<group>"; };
		2DFADC532A5E9C87005F4229 /* CatSparks.bundle */ = {isa = PBXFileReference; lastKnownFileType = file; path = CatSparks.bundle; sourceTree = "<group>"; };
		2DFADC542A5E9C87005F4229 /* stickers.json */ = {isa = PBXFileReference; fileEncoding = 4; lastKnownFileType = text.json; path = stickers.json; sourceTree = "<group>"; };
		2DFADC552A5E9C87005F4229 /* sdlu.bundle */ = {isa = PBXFileReference; lastKnownFileType = file; path = sdlu.bundle; sourceTree = "<group>"; };
		2DFADC562A5E9C87005F4229 /* sdlr.bundle */ = {isa = PBXFileReference; lastKnownFileType = file; path = sdlr.bundle; sourceTree = "<group>"; };
		6003F58A195388D20070C39A /* (七牛推流)PLMediaStreamingKitDemo.app */ = {isa = PBXFileReference; explicitFileType = wrapper.application; includeInIndex = 0; path = "(七牛推流)PLMediaStreamingKitDemo.app"; sourceTree = BUILT_PRODUCTS_DIR; };
		6003F58D195388D20070C39A /* Foundation.framework */ = {isa = PBXFileReference; lastKnownFileType = wrapper.framework; name = Foundation.framework; path = System/Library/Frameworks/Foundation.framework; sourceTree = SDKROOT; };
		6003F58F195388D20070C39A /* CoreGraphics.framework */ = {isa = PBXFileReference; lastKnownFileType = wrapper.framework; name = CoreGraphics.framework; path = System/Library/Frameworks/CoreGraphics.framework; sourceTree = SDKROOT; };
		6003F591195388D20070C39A /* UIKit.framework */ = {isa = PBXFileReference; lastKnownFileType = wrapper.framework; name = UIKit.framework; path = System/Library/Frameworks/UIKit.framework; sourceTree = SDKROOT; };
		6003F5AE195388D20070C39A /* Tests.xctest */ = {isa = PBXFileReference; explicitFileType = wrapper.cfbundle; includeInIndex = 0; path = Tests.xctest; sourceTree = BUILT_PRODUCTS_DIR; };
		6D38E0519CDFBF6954B8389D /* libPods-PLMediaStreamingKitDemo.a */ = {isa = PBXFileReference; explicitFileType = archive.ar; includeInIndex = 0; path = "libPods-PLMediaStreamingKitDemo.a"; sourceTree = BUILT_PRODUCTS_DIR; };
		767D4D8720561FF300E619D2 /* PLViewController.h */ = {isa = PBXFileReference; lastKnownFileType = sourcecode.c.h; path = PLViewController.h; sourceTree = "<group>"; };
		767D4D8820561FF300E619D2 /* PLViewController.m */ = {isa = PBXFileReference; lastKnownFileType = sourcecode.c.objc; path = PLViewController.m; sourceTree = "<group>"; };
		769750EC1A6329DC0079423B /* VideoToolbox.framework */ = {isa = PBXFileReference; lastKnownFileType = wrapper.framework; name = VideoToolbox.framework; path = System/Library/Frameworks/VideoToolbox.framework; sourceTree = SDKROOT; };
		B651FF941D93DA1F00D1C578 /* qiniu.png */ = {isa = PBXFileReference; lastKnownFileType = image.png; path = qiniu.png; sourceTree = "<group>"; };
		B651FF9A1D93DA1F00D1C578 /* xiaoqi1.png */ = {isa = PBXFileReference; lastKnownFileType = image.png; path = xiaoqi1.png; sourceTree = "<group>"; };
		B651FF9B1D93DA1F00D1C578 /* xiaoqi2.png */ = {isa = PBXFileReference; lastKnownFileType = image.png; path = xiaoqi2.png; sourceTree = "<group>"; };
		B6FC338D1D93C301004EEE29 /* Base */ = {isa = PBXFileReference; lastKnownFileType = file.storyboard; name = Base; path = "Base.lproj/Launch Screen.storyboard"; sourceTree = "<group>"; };
		B6FC338F1D93C301004EEE29 /* en */ = {isa = PBXFileReference; lastKnownFileType = text.plist.strings; name = en; path = en.lproj/InfoPlist.strings; sourceTree = "<group>"; };
		B6FC33901D93C301004EEE29 /* Images.xcassets */ = {isa = PBXFileReference; lastKnownFileType = folder.assetcatalog; path = Images.xcassets; sourceTree = "<group>"; };
		B6FC33931D93C301004EEE29 /* main.m */ = {isa = PBXFileReference; fileEncoding = 4; lastKnownFileType = sourcecode.c.objc; path = main.m; sourceTree = "<group>"; };
		B6FC33941D93C301004EEE29 /* PLMediaStreamingKitDemo-Info.plist */ = {isa = PBXFileReference; fileEncoding = 4; lastKnownFileType = text.plist.xml; path = "PLMediaStreamingKitDemo-Info.plist"; sourceTree = "<group>"; };
		B6FC339B1D93C398004EEE29 /* PLMainViewController.h */ = {isa = PBXFileReference; fileEncoding = 4; lastKnownFileType = sourcecode.c.h; path = PLMainViewController.h; sourceTree = "<group>"; };
		B6FC339C1D93C398004EEE29 /* PLMainViewController.m */ = {isa = PBXFileReference; fileEncoding = 4; lastKnownFileType = sourcecode.c.objc; path = PLMainViewController.m; sourceTree = "<group>"; };
		B6FC339D1D93C398004EEE29 /* PLModelPanelGenerator.h */ = {isa = PBXFileReference; fileEncoding = 4; lastKnownFileType = sourcecode.c.h; path = PLModelPanelGenerator.h; sourceTree = "<group>"; };
		B6FC339E1D93C398004EEE29 /* PLModelPanelGenerator.m */ = {isa = PBXFileReference; fileEncoding = 4; lastKnownFileType = sourcecode.c.objc; path = PLModelPanelGenerator.m; sourceTree = "<group>"; };
		B6FC339F1D93C398004EEE29 /* PLPanelDelegateGenerator.h */ = {isa = PBXFileReference; fileEncoding = 4; lastKnownFileType = sourcecode.c.h; path = PLPanelDelegateGenerator.h; sourceTree = "<group>"; };
		B6FC33A01D93C398004EEE29 /* PLPanelDelegateGenerator.m */ = {isa = PBXFileReference; fileEncoding = 4; lastKnownFileType = sourcecode.c.objc; path = PLPanelDelegateGenerator.m; sourceTree = "<group>"; };
		B6FC33A11D93C398004EEE29 /* PLPermissionRequestor.h */ = {isa = PBXFileReference; fileEncoding = 4; lastKnownFileType = sourcecode.c.h; path = PLPermissionRequestor.h; sourceTree = "<group>"; };
		B6FC33A21D93C398004EEE29 /* PLPermissionRequestor.m */ = {isa = PBXFileReference; fileEncoding = 4; lastKnownFileType = sourcecode.c.objc; path = PLPermissionRequestor.m; sourceTree = "<group>"; };
		B6FC33A31D93C398004EEE29 /* PLStreamingSessionConstructor.h */ = {isa = PBXFileReference; fileEncoding = 4; lastKnownFileType = sourcecode.c.h; path = PLStreamingSessionConstructor.h; sourceTree = "<group>"; };
		B6FC33A41D93C398004EEE29 /* PLStreamingSessionConstructor.m */ = {isa = PBXFileReference; fileEncoding = 4; lastKnownFileType = sourcecode.c.objc; path = PLStreamingSessionConstructor.m; sourceTree = "<group>"; };
		B6FC33B21D93C470004EEE29 /* PLAppDelegate.h */ = {isa = PBXFileReference; fileEncoding = 4; lastKnownFileType = sourcecode.c.h; path = PLAppDelegate.h; sourceTree = "<group>"; };
		B6FC33B31D93C470004EEE29 /* PLAppDelegate.m */ = {isa = PBXFileReference; fileEncoding = 4; lastKnownFileType = sourcecode.c.objc; path = PLAppDelegate.m; sourceTree = "<group>"; };
		B6FC33BD1D93C970004EEE29 /* PLAlertSpinner.h */ = {isa = PBXFileReference; fileEncoding = 4; lastKnownFileType = sourcecode.c.h; path = PLAlertSpinner.h; sourceTree = "<group>"; };
		B6FC33BE1D93C970004EEE29 /* PLAlertSpinner.m */ = {isa = PBXFileReference; fileEncoding = 4; lastKnownFileType = sourcecode.c.objc; path = PLAlertSpinner.m; sourceTree = "<group>"; };
		B6FC33BF1D93C970004EEE29 /* PLAttributeModel.h */ = {isa = PBXFileReference; fileEncoding = 4; lastKnownFileType = sourcecode.c.h; path = PLAttributeModel.h; sourceTree = "<group>"; };
		B6FC33C01D93C970004EEE29 /* PLAttributeModel.m */ = {isa = PBXFileReference; fileEncoding = 4; lastKnownFileType = sourcecode.c.objc; path = PLAttributeModel.m; sourceTree = "<group>"; };
		B6FC33C11D93C970004EEE29 /* PLDelgateHelper.h */ = {isa = PBXFileReference; fileEncoding = 4; lastKnownFileType = sourcecode.c.h; path = PLDelgateHelper.h; sourceTree = "<group>"; };
		B6FC33C21D93C970004EEE29 /* PLDelgateHelper.m */ = {isa = PBXFileReference; fileEncoding = 4; lastKnownFileType = sourcecode.c.objc; path = PLDelgateHelper.m; sourceTree = "<group>"; };
		B6FC33C31D93C970004EEE29 /* PLLogDisplayer.h */ = {isa = PBXFileReference; fileEncoding = 4; lastKnownFileType = sourcecode.c.h; path = PLLogDisplayer.h; sourceTree = "<group>"; };
		B6FC33C41D93C970004EEE29 /* PLLogDisplayer.m */ = {isa = PBXFileReference; fileEncoding = 4; lastKnownFileType = sourcecode.c.objc; path = PLLogDisplayer.m; sourceTree = "<group>"; };
		B6FC33C51D93C970004EEE29 /* PLMainTabBarController.h */ = {isa = PBXFileReference; fileEncoding = 4; lastKnownFileType = sourcecode.c.h; path = PLMainTabBarController.h; sourceTree = "<group>"; };
		B6FC33C61D93C970004EEE29 /* PLMainTabBarController.m */ = {isa = PBXFileReference; fileEncoding = 4; lastKnownFileType = sourcecode.c.objc; path = PLMainTabBarController.m; sourceTree = "<group>"; };
		B6FC33C71D93C970004EEE29 /* PLPanelModel.h */ = {isa = PBXFileReference; fileEncoding = 4; lastKnownFileType = sourcecode.c.h; path = PLPanelModel.h; sourceTree = "<group>"; };
		B6FC33C81D93C970004EEE29 /* PLPanelModel.m */ = {isa = PBXFileReference; fileEncoding = 4; lastKnownFileType = sourcecode.c.objc; path = PLPanelModel.m; sourceTree = "<group>"; };
		B6FC33C91D93C970004EEE29 /* PLStreamingKitDemoUtils.h */ = {isa = PBXFileReference; fileEncoding = 4; lastKnownFileType = sourcecode.c.h; path = PLStreamingKitDemoUtils.h; sourceTree = "<group>"; };
		B6FC33CA1D93C970004EEE29 /* PLTitleValueConf.h */ = {isa = PBXFileReference; fileEncoding = 4; lastKnownFileType = sourcecode.c.h; path = PLTitleValueConf.h; sourceTree = "<group>"; };
		B6FC33CB1D93C970004EEE29 /* PLTitleValueConf.m */ = {isa = PBXFileReference; fileEncoding = 4; lastKnownFileType = sourcecode.c.objc; path = PLTitleValueConf.m; sourceTree = "<group>"; };
/* End PBXFileReference section */

/* Begin PBXFrameworksBuildPhase section */
		6003F587195388D20070C39A /* Frameworks */ = {
			isa = PBXFrameworksBuildPhase;
			buildActionMask = 2147483647;
			files = (
				0BA2F46021BFB5DD008C3071 /* Accelerate.framework in Frameworks */,
				2DB7B5D32542D6A70016478A /* CoreML.framework in Frameworks */,
				769750EF1A6331080079423B /* VideoToolbox.framework in Frameworks */,
				6003F590195388D20070C39A /* CoreGraphics.framework in Frameworks */,
				6003F592195388D20070C39A /* UIKit.framework in Frameworks */,
				6003F58E195388D20070C39A /* Foundation.framework in Frameworks */,
				1CB31FA1A509BFCE50E56392 /* libPods-PLMediaStreamingKitDemo.a in Frameworks */,
			);
			runOnlyForDeploymentPostprocessing = 0;
		};
		6003F5AB195388D20070C39A /* Frameworks */ = {
			isa = PBXFrameworksBuildPhase;
			buildActionMask = 2147483647;
			files = (
				6003F5B2195388D20070C39A /* UIKit.framework in Frameworks */,
				6003F5B1195388D20070C39A /* Foundation.framework in Frameworks */,
			);
			runOnlyForDeploymentPostprocessing = 0;
		};
/* End PBXFrameworksBuildPhase section */

/* Begin PBXGroup section */
		0AA48E1F2101FDCB00EA31B7 /* PasterImage */ = {
			isa = PBXGroup;
			children = (
				0AA48E202101FDCB00EA31B7 /* stickers */,
				0AA48E302101FDCB00EA31B7 /* PLPasterScrollView.h */,
				0AA48E312101FDCB00EA31B7 /* PLPasterView.m */,
				0AA48E322101FDCB00EA31B7 /* PLPasterView.h */,
				0AA48E332101FDCB00EA31B7 /* PLPasterScrollView.m */,
			);
			path = PasterImage;
			sourceTree = "<group>";
		};
		0AA48E202101FDCB00EA31B7 /* stickers */ = {
			isa = PBXGroup;
			children = (
				0AA48E212101FDCB00EA31B7 /* 002.png */,
				0AA48E222101FDCB00EA31B7 /* bt_paster_transform@3x.png */,
				0AA48E232101FDCB00EA31B7 /* 003.png */,
				0AA48E242101FDCB00EA31B7 /* bt_paster_delete.png */,
				0AA48E252101FDCB00EA31B7 /* 001.png */,
				0AA48E262101FDCB00EA31B7 /* 004.png */,
				0AA48E272101FDCB00EA31B7 /* 005.png */,
				0AA48E282101FDCB00EA31B7 /* 007.png */,
				0AA48E292101FDCB00EA31B7 /* bt_paster_transform@2x.png */,
				0AA48E2A2101FDCB00EA31B7 /* 006.png */,
				0AA48E2B2101FDCB00EA31B7 /* bt_paster_transform.png */,
				0AA48E2C2101FDCB00EA31B7 /* 008.png */,
				0AA48E2D2101FDCB00EA31B7 /* 009.png */,
				0AA48E2E2101FDCB00EA31B7 /* bt_paster_delete@2x.png */,
				0AA48E2F2101FDCB00EA31B7 /* bt_paster_delete@3x.png */,
			);
			path = stickers;
			sourceTree = "<group>";
		};
		2DC95F26288E468000A80478 /* FaceUnity */ = {
			isa = PBXGroup;
			children = (
				2DFADC322A5E9C87005F4229 /* Resource */,
				2DD177C529A4C1C600E2075B /* Demo */,
				2DC95F7C288E468000A80478 /* authpack.h */,
			);
			path = FaceUnity;
			sourceTree = "<group>";
		};
		2DD177C529A4C1C600E2075B /* Demo */ = {
			isa = PBXGroup;
			children = (
				2DD177D429A4C1C600E2075B /* FUDefines.h */,
				2DD1780529A4C1C700E2075B /* FUDemoManager.h */,
				2DD177D529A4C1C600E2075B /* FUDemoManager.m */,
				2DD177D329A4C1C600E2075B /* FUTestRecorder.h */,
				2DD177D629A4C1C600E2075B /* FUTestRecorder.m */,
				2DD177D729A4C1C600E2075B /* Model */,
				2DD177E429A4C1C600E2075B /* View */,
				2DD177C629A4C1C600E2075B /* ViewModel */,
			);
			path = Demo;
			sourceTree = "<group>";
		};
		2DD177C629A4C1C600E2075B /* ViewModel */ = {
			isa = PBXGroup;
			children = (
				2DD177C729A4C1C600E2075B /* FUBeautyFilterViewModel.m */,
				2DD177C829A4C1C600E2075B /* FUBeautySkinViewModel.m */,
				2DD177C929A4C1C600E2075B /* FUBodyViewModel.h */,
				2DD177CA29A4C1C600E2075B /* FUBeautyShapeViewModel.m */,
				2DD177CB29A4C1C600E2075B /* FUStickerViewModel.h */,
				2DD177CC29A4C1C600E2075B /* FUMakeupViewModel.h */,
				2DD177CD29A4C1C600E2075B /* FUBeautyFilterViewModel.h */,
				2DD177CE29A4C1C600E2075B /* FUBeautySkinViewModel.h */,
				2DD177CF29A4C1C600E2075B /* FUStickerViewModel.m */,
				2DD177D029A4C1C600E2075B /* FUBeautyShapeViewModel.h */,
				2DD177D129A4C1C600E2075B /* FUBodyViewModel.m */,
				2DD177D229A4C1C600E2075B /* FUMakeupViewModel.m */,
			);
			path = ViewModel;
			sourceTree = "<group>";
		};
		2DD177D729A4C1C600E2075B /* Model */ = {
			isa = PBXGroup;
			children = (
				2DD177D829A4C1C600E2075B /* FUBeautyShapeModel.m */,
				2DD177D929A4C1C600E2075B /* FUBeautyFilterModel.m */,
				2DD177DA29A4C1C600E2075B /* FUBodyModel.m */,
				2DD177DB29A4C1C600E2075B /* FUBeautySkinModel.m */,
				2DD177DC29A4C1C600E2075B /* FUMakeupModel.h */,
				2DD177DD29A4C1C600E2075B /* FUStickerModel.h */,
				2DD177DE29A4C1C600E2075B /* FUBeautyShapeModel.h */,
				2DD177DF29A4C1C600E2075B /* FUBodyModel.h */,
				2DD177E029A4C1C600E2075B /* FUBeautyFilterModel.h */,
				2DD177E129A4C1C600E2075B /* FUBeautySkinModel.h */,
				2DD177E229A4C1C600E2075B /* FUStickerModel.m */,
				2DD177E329A4C1C600E2075B /* FUMakeupModel.m */,
			);
			path = Model;
			sourceTree = "<group>";
		};
		2DD177E429A4C1C600E2075B /* View */ = {
			isa = PBXGroup;
			children = (
				2DD177E529A4C1C600E2075B /* FUBeautyFilterView.h */,
				2DD177E629A4C1C600E2075B /* FUMakeupView.h */,
				2DD177E729A4C1C600E2075B /* FUStickerView.m */,
				2DD177E829A4C1C600E2075B /* FUAlert */,
				2DD177ED29A4C1C600E2075B /* FUBodyView.h */,
				2DD177EE29A4C1C600E2075B /* FUBeautyShapeView.h */,
				2DD177EF29A4C1C600E2075B /* FUBeautySkinView.m */,
				2DD177F029A4C1C600E2075B /* FUSlider */,
				2DD177F329A4C1C700E2075B /* FUInsetsLabel */,
				2DD177F629A4C1C700E2075B /* FUBeautyFilterView.m */,
				2DD177F729A4C1C700E2075B /* FUStickerView.h */,
				2DD177F829A4C1C700E2075B /* FUMakeupView.m */,
				2DD177F929A4C1C700E2075B /* FUBeautyShapeView.m */,
				2DD177FA29A4C1C700E2075B /* FUTipHUD */,
				2DD177FD29A4C1C700E2075B /* FUBodyView.m */,
				2DD177FE29A4C1C700E2075B /* FUSegmentBar */,
				2DD1780129A4C1C700E2075B /* FUBeautySkinView.h */,
				2DD1780229A4C1C700E2075B /* FUSquareButton */,
			);
			path = View;
			sourceTree = "<group>";
		};
		2DD177E829A4C1C600E2075B /* FUAlert */ = {
			isa = PBXGroup;
			children = (
				2DD177E929A4C1C600E2075B /* FUAlertManager.h */,
				2DD177EA29A4C1C600E2075B /* FUAlertController.h */,
				2DD177EB29A4C1C600E2075B /* FUAlertManager.m */,
				2DD177EC29A4C1C600E2075B /* FUAlertController.m */,
			);
			path = FUAlert;
			sourceTree = "<group>";
		};
		2DD177F029A4C1C600E2075B /* FUSlider */ = {
			isa = PBXGroup;
			children = (
				2DD177F129A4C1C700E2075B /* FUSlider.m */,
				2DD177F229A4C1C700E2075B /* FUSlider.h */,
			);
			path = FUSlider;
			sourceTree = "<group>";
		};
		2DD177F329A4C1C700E2075B /* FUInsetsLabel */ = {
			isa = PBXGroup;
			children = (
				2DD177F429A4C1C700E2075B /* FUInsetsLabel.m */,
				2DD177F529A4C1C700E2075B /* FUInsetsLabel.h */,
			);
			path = FUInsetsLabel;
			sourceTree = "<group>";
		};
		2DD177FA29A4C1C700E2075B /* FUTipHUD */ = {
			isa = PBXGroup;
			children = (
				2DD177FB29A4C1C700E2075B /* FUTipHUD.h */,
				2DD177FC29A4C1C700E2075B /* FUTipHUD.m */,
			);
			path = FUTipHUD;
			sourceTree = "<group>";
		};
		2DD177FE29A4C1C700E2075B /* FUSegmentBar */ = {
			isa = PBXGroup;
			children = (
				2DD177FF29A4C1C700E2075B /* FUSegmentBar.h */,
				2DD1780029A4C1C700E2075B /* FUSegmentBar.m */,
			);
			path = FUSegmentBar;
			sourceTree = "<group>";
		};
		2DD1780229A4C1C700E2075B /* FUSquareButton */ = {
			isa = PBXGroup;
			children = (
				2DD1780329A4C1C700E2075B /* FUSquareButton.m */,
				2DD1780429A4C1C700E2075B /* FUSquareButton.h */,
			);
			path = FUSquareButton;
			sourceTree = "<group>";
		};
		2DFADC322A5E9C87005F4229 /* Resource */ = {
			isa = PBXGroup;
			children = (
				2DFADC332A5E9C87005F4229 /* 美颜 */,
				2DFADC372A5E9C87005F4229 /* FaceUnity.strings */,
				2DFADC392A5E9C87005F4229 /* 美妆 */,
				2DFADC4E2A5E9C87005F4229 /* FaceUnity.xcassets */,
				2DFADC4F2A5E9C87005F4229 /* 美体 */,
				2DFADC512A5E9C87005F4229 /* 贴纸 */,
			);
			path = Resource;
			sourceTree = "<group>";
		};
		2DFADC332A5E9C87005F4229 /* 美颜 */ = {
			isa = PBXGroup;
			children = (
				2DFADC342A5E9C87005F4229 /* beauty_filter.json */,
				2DFADC352A5E9C87005F4229 /* beauty_shape.json */,
				2DFADC362A5E9C87005F4229 /* beauty_skin.json */,
			);
			path = "美颜";
			sourceTree = "<group>";
		};
		2DFADC392A5E9C87005F4229 /* 美妆 */ = {
			isa = PBXGroup;
			children = (
				2DFADC3A2A5E9C87005F4229 /* oumei.bundle */,
				2DFADC3B2A5E9C87005F4229 /* rose.bundle */,
				2DFADC3C2A5E9C87005F4229 /* linjia.bundle */,
				2DFADC3D2A5E9C87005F4229 /* yanshimao.bundle */,
				2DFADC3E2A5E9C87005F4229 /* tianmei.bundle */,
				2DFADC3F2A5E9C87005F4229 /* ziyun.bundle */,
				2DFADC402A5E9C87005F4229 /* chaomo.bundle */,
				2DFADC412A5E9C87005F4229 /* hongfeng.bundle */,
				2DFADC422A5E9C87005F4229 /* jianling.bundle */,
				2DFADC432A5E9C87005F4229 /* gangfeng.bundle */,
				2DFADC442A5E9C87005F4229 /* combination_makeups.json */,
				2DFADC452A5E9C87005F4229 /* chuju.bundle */,
				2DFADC462A5E9C87005F4229 /* renyu.bundle */,
				2DFADC472A5E9C87005F4229 /* qianzhihe.bundle */,
				2DFADC482A5E9C87005F4229 /* wumei.bundle */,
				2DFADC492A5E9C87005F4229 /* shaonv.bundle */,
				2DFADC4A2A5E9C87005F4229 /* chuqiu.bundle */,
				2DFADC4B2A5E9C87005F4229 /* nuandong.bundle */,
				2DFADC4C2A5E9C87005F4229 /* xinggan.bundle */,
			);
			path = "美妆";
			sourceTree = "<group>";
		};
		2DFADC4F2A5E9C87005F4229 /* 美体 */ = {
			isa = PBXGroup;
			children = (
				2DFADC502A5E9C87005F4229 /* body.json */,
			);
			path = "美体";
			sourceTree = "<group>";
		};
		2DFADC512A5E9C87005F4229 /* 贴纸 */ = {
			isa = PBXGroup;
			children = (
				2DFADC522A5E9C87005F4229 /* fashi.bundle */,
				2DFADC532A5E9C87005F4229 /* CatSparks.bundle */,
				2DFADC542A5E9C87005F4229 /* stickers.json */,
				2DFADC552A5E9C87005F4229 /* sdlu.bundle */,
				2DFADC562A5E9C87005F4229 /* sdlr.bundle */,
			);
			path = "贴纸";
			sourceTree = "<group>";
		};
		6003F581195388D10070C39A = {
			isa = PBXGroup;
			children = (
				B6FC338B1D93C301004EEE29 /* PLMediaStreamingKitDemo */,
				6003F58C195388D20070C39A /* Frameworks */,
				6003F58B195388D20070C39A /* Products */,
				F80803209498A6D014ADF6AC /* Pods */,
			);
			sourceTree = "<group>";
		};
		6003F58B195388D20070C39A /* Products */ = {
			isa = PBXGroup;
			children = (
				6003F58A195388D20070C39A /* (七牛推流)PLMediaStreamingKitDemo.app */,
				6003F5AE195388D20070C39A /* Tests.xctest */,
			);
			name = Products;
			sourceTree = "<group>";
		};
		6003F58C195388D20070C39A /* Frameworks */ = {
			isa = PBXGroup;
			children = (
				2DB7B5D22542D6A70016478A /* CoreML.framework */,
				0BA2F45F21BFB5DD008C3071 /* Accelerate.framework */,
				769750EC1A6329DC0079423B /* VideoToolbox.framework */,
				6003F58D195388D20070C39A /* Foundation.framework */,
				6003F58F195388D20070C39A /* CoreGraphics.framework */,
				6003F591195388D20070C39A /* UIKit.framework */,
				6D38E0519CDFBF6954B8389D /* libPods-PLMediaStreamingKitDemo.a */,
			);
			name = Frameworks;
			sourceTree = "<group>";
		};
		B6FC338B1D93C301004EEE29 /* PLMediaStreamingKitDemo */ = {
			isa = PBXGroup;
			children = (
				2DC95F26288E468000A80478 /* FaceUnity */,
				0AA48E1F2101FDCB00EA31B7 /* PasterImage */,
				B6FC33BC1D93C970004EEE29 /* PLStreamingKitDemoUtils */,
				0AA48E462101FFAE00EA31B7 /* NSString+Random.h */,
				0AA48E452101FFAE00EA31B7 /* NSString+Random.m */,
				B6FC33B21D93C470004EEE29 /* PLAppDelegate.h */,
				B6FC33B31D93C470004EEE29 /* PLAppDelegate.m */,
				767D4D8720561FF300E619D2 /* PLViewController.h */,
				767D4D8820561FF300E619D2 /* PLViewController.m */,
				B6FC339B1D93C398004EEE29 /* PLMainViewController.h */,
				B6FC339C1D93C398004EEE29 /* PLMainViewController.m */,
				B6FC339D1D93C398004EEE29 /* PLModelPanelGenerator.h */,
				B6FC339E1D93C398004EEE29 /* PLModelPanelGenerator.m */,
				B6FC339F1D93C398004EEE29 /* PLPanelDelegateGenerator.h */,
				B6FC33A01D93C398004EEE29 /* PLPanelDelegateGenerator.m */,
				B6FC33A11D93C398004EEE29 /* PLPermissionRequestor.h */,
				B6FC33A21D93C398004EEE29 /* PLPermissionRequestor.m */,
				B6FC33A31D93C398004EEE29 /* PLStreamingSessionConstructor.h */,
				B6FC33A41D93C398004EEE29 /* PLStreamingSessionConstructor.m */,
				B6FC338C1D93C301004EEE29 /* Launch Screen.storyboard */,
				B6FC338E1D93C301004EEE29 /* InfoPlist.strings */,
				B6FC33901D93C301004EEE29 /* Images.xcassets */,
				B6FC33911D93C301004EEE29 /* Resource */,
				B6FC33921D93C301004EEE29 /* Supporting Files */,
			);
			path = PLMediaStreamingKitDemo;
			sourceTree = "<group>";
		};
		B6FC33911D93C301004EEE29 /* Resource */ = {
			isa = PBXGroup;
			children = (
				0AA48E492102001A00EA31B7 /* TestMusic1.m4a */,
				0AA48E482102001A00EA31B7 /* TestMusic2.wav */,
				0AA48E4C2102001A00EA31B7 /* TestMusic3.mp3 */,
				0AA48E4B2102001A00EA31B7 /* TestMusic4.mp3 */,
				0AA48E4A2102001A00EA31B7 /* TestMusic5.mp3 */,
				B651FF941D93DA1F00D1C578 /* qiniu.png */,
				B651FF9A1D93DA1F00D1C578 /* xiaoqi1.png */,
				B651FF9B1D93DA1F00D1C578 /* xiaoqi2.png */,
			);
			path = Resource;
			sourceTree = "<group>";
		};
		B6FC33921D93C301004EEE29 /* Supporting Files */ = {
			isa = PBXGroup;
			children = (
				B6FC33931D93C301004EEE29 /* main.m */,
				B6FC33941D93C301004EEE29 /* PLMediaStreamingKitDemo-Info.plist */,
			);
			path = "Supporting Files";
			sourceTree = "<group>";
		};
		B6FC33BC1D93C970004EEE29 /* PLStreamingKitDemoUtils */ = {
			isa = PBXGroup;
			children = (
				B6FC33BD1D93C970004EEE29 /* PLAlertSpinner.h */,
				B6FC33BE1D93C970004EEE29 /* PLAlertSpinner.m */,
				B6FC33BF1D93C970004EEE29 /* PLAttributeModel.h */,
				B6FC33C01D93C970004EEE29 /* PLAttributeModel.m */,
				B6FC33C11D93C970004EEE29 /* PLDelgateHelper.h */,
				B6FC33C21D93C970004EEE29 /* PLDelgateHelper.m */,
				B6FC33C31D93C970004EEE29 /* PLLogDisplayer.h */,
				B6FC33C41D93C970004EEE29 /* PLLogDisplayer.m */,
				B6FC33C51D93C970004EEE29 /* PLMainTabBarController.h */,
				B6FC33C61D93C970004EEE29 /* PLMainTabBarController.m */,
				B6FC33C71D93C970004EEE29 /* PLPanelModel.h */,
				B6FC33C81D93C970004EEE29 /* PLPanelModel.m */,
				B6FC33C91D93C970004EEE29 /* PLStreamingKitDemoUtils.h */,
				B6FC33CA1D93C970004EEE29 /* PLTitleValueConf.h */,
				B6FC33CB1D93C970004EEE29 /* PLTitleValueConf.m */,
			);
			path = PLStreamingKitDemoUtils;
			sourceTree = "<group>";
		};
		F80803209498A6D014ADF6AC /* Pods */ = {
			isa = PBXGroup;
			children = (
				09EF86FE485DC921D9EC2C00 /* Pods-PLMediaStreamingKitDemo.debug.xcconfig */,
				0C618BE754D25865CFB92AE2 /* Pods-PLMediaStreamingKitDemo.release.xcconfig */,
			);
			name = Pods;
			sourceTree = "<group>";
		};
/* End PBXGroup section */

/* Begin PBXNativeTarget section */
		6003F589195388D20070C39A /* PLMediaStreamingKitDemo */ = {
			isa = PBXNativeTarget;
			buildConfigurationList = 6003F5BF195388D20070C39A /* Build configuration list for PBXNativeTarget "PLMediaStreamingKitDemo" */;
			buildPhases = (
				A1E7FB20C839273AD4B3F024 /* [CP] Check Pods Manifest.lock */,
				6003F586195388D20070C39A /* Sources */,
				6003F587195388D20070C39A /* Frameworks */,
				6003F588195388D20070C39A /* Resources */,
				C4A42BD82CFC393B83A372D1 /* [CP] Embed Pods Frameworks */,
				C6C5D69A86D831E788799F09 /* [CP] Copy Pods Resources */,
				2D8E9A5F2644EC2800B801DF /* Embed Frameworks */,
			);
			buildRules = (
			);
			dependencies = (
			);
			name = PLMediaStreamingKitDemo;
			productName = PLCameraStreamingKit;
			productReference = 6003F58A195388D20070C39A /* (七牛推流)PLMediaStreamingKitDemo.app */;
			productType = "com.apple.product-type.application";
		};
		6003F5AD195388D20070C39A /* Tests */ = {
			isa = PBXNativeTarget;
			buildConfigurationList = 6003F5C2195388D20070C39A /* Build configuration list for PBXNativeTarget "Tests" */;
			buildPhases = (
				6003F5AA195388D20070C39A /* Sources */,
				6003F5AB195388D20070C39A /* Frameworks */,
				6003F5AC195388D20070C39A /* Resources */,
			);
			buildRules = (
			);
			dependencies = (
				6003F5B4195388D20070C39A /* PBXTargetDependency */,
			);
			name = Tests;
			productName = PLCameraStreamingKitTests;
			productReference = 6003F5AE195388D20070C39A /* Tests.xctest */;
			productType = "com.apple.product-type.bundle.unit-test";
		};
/* End PBXNativeTarget section */

/* Begin PBXProject section */
		6003F582195388D10070C39A /* Project object */ = {
			isa = PBXProject;
			attributes = {
				CLASSPREFIX = PL;
				LastUpgradeCheck = 0710;
				ORGANIZATIONNAME = 0dayZh;
				TargetAttributes = {
					6003F589195388D20070C39A = {
						DevelopmentTeam = 35A6KD62ZJ;
						ProvisioningStyle = Manual;
						SystemCapabilities = {
							com.apple.BackgroundModes = {
								enabled = 1;
							};
						};
					};
					6003F5AD195388D20070C39A = {
						DevelopmentTeam = 35A6KD62ZJ;
						TestTargetID = 6003F589195388D20070C39A;
					};
				};
			};
			buildConfigurationList = 6003F585195388D10070C39A /* Build configuration list for PBXProject "PLMediaStreamingKitDemo" */;
			compatibilityVersion = "Xcode 3.2";
			developmentRegion = English;
			hasScannedForEncodings = 0;
			knownRegions = (
				English,
				en,
				Base,
				"zh-Hans",
			);
			mainGroup = 6003F581195388D10070C39A;
			productRefGroup = 6003F58B195388D20070C39A /* Products */;
			projectDirPath = "";
			projectRoot = "";
			targets = (
				6003F589195388D20070C39A /* PLMediaStreamingKitDemo */,
				6003F5AD195388D20070C39A /* Tests */,
			);
		};
/* End PBXProject section */

/* Begin PBXResourcesBuildPhase section */
		6003F588195388D20070C39A /* Resources */ = {
			isa = PBXResourcesBuildPhase;
			buildActionMask = 2147483647;
			files = (
				2DFADC642A5E9C87005F4229 /* gangfeng.bundle in Resources */,
				2DFADC652A5E9C87005F4229 /* combination_makeups.json in Resources */,
				2DFADC742A5E9C87005F4229 /* sdlr.bundle in Resources */,
				0AA48E4E2102001A00EA31B7 /* TestMusic1.m4a in Resources */,
				2DFADC692A5E9C87005F4229 /* wumei.bundle in Resources */,
				2DFADC6A2A5E9C87005F4229 /* shaonv.bundle in Resources */,
				2DFADC5E2A5E9C87005F4229 /* yanshimao.bundle in Resources */,
				2DFADC732A5E9C87005F4229 /* sdlu.bundle in Resources */,
				2DFADC5A2A5E9C87005F4229 /* FaceUnity.strings in Resources */,
				2DFADC6C2A5E9C87005F4229 /* nuandong.bundle in Resources */,
				0AA48E502102001A00EA31B7 /* TestMusic4.mp3 in Resources */,
				0AA48E512102001A00EA31B7 /* TestMusic3.mp3 in Resources */,
				0AA48E392101FDCC00EA31B7 /* 004.png in Resources */,
				2DFADC712A5E9C87005F4229 /* CatSparks.bundle in Resources */,
				2DFADC5F2A5E9C87005F4229 /* tianmei.bundle in Resources */,
				2DFADC6B2A5E9C87005F4229 /* chuqiu.bundle in Resources */,
				2DFADC622A5E9C87005F4229 /* hongfeng.bundle in Resources */,
				2DFADC602A5E9C87005F4229 /* ziyun.bundle in Resources */,
				2DFADC682A5E9C87005F4229 /* qianzhihe.bundle in Resources */,
				0AA48E422101FDCC00EA31B7 /* bt_paster_delete@3x.png in Resources */,
				2DFADC702A5E9C87005F4229 /* fashi.bundle in Resources */,
				0AA48E3C2101FDCC00EA31B7 /* bt_paster_transform@2x.png in Resources */,
				B6FC33981D93C301004EEE29 /* Images.xcassets in Resources */,
				2DFADC722A5E9C87005F4229 /* stickers.json in Resources */,
				0AA48E3E2101FDCC00EA31B7 /* bt_paster_transform.png in Resources */,
				0AA48E352101FDCC00EA31B7 /* bt_paster_transform@3x.png in Resources */,
				0AA48E402101FDCC00EA31B7 /* 009.png in Resources */,
				0AA48E3A2101FDCC00EA31B7 /* 005.png in Resources */,
				0AA48E342101FDCC00EA31B7 /* 002.png in Resources */,
				2DFADC5B2A5E9C87005F4229 /* oumei.bundle in Resources */,
				2DFADC672A5E9C87005F4229 /* renyu.bundle in Resources */,
				B651FFA31D93DA1F00D1C578 /* xiaoqi2.png in Resources */,
				B651FF9C1D93DA1F00D1C578 /* qiniu.png in Resources */,
				2DFADC5C2A5E9C87005F4229 /* rose.bundle in Resources */,
				0AA48E3B2101FDCC00EA31B7 /* 007.png in Resources */,
				2DFADC572A5E9C87005F4229 /* beauty_filter.json in Resources */,
				2DFADC5D2A5E9C87005F4229 /* linjia.bundle in Resources */,
				0AA48E4D2102001A00EA31B7 /* TestMusic2.wav in Resources */,
				0AA48E362101FDCC00EA31B7 /* 003.png in Resources */,
				2DFADC612A5E9C87005F4229 /* chaomo.bundle in Resources */,
				0AA48E4F2102001A00EA31B7 /* TestMusic5.mp3 in Resources */,
				0AA48E3F2101FDCC00EA31B7 /* 008.png in Resources */,
				0AA48E372101FDCC00EA31B7 /* bt_paster_delete.png in Resources */,
				2DFADC6E2A5E9C87005F4229 /* FaceUnity.xcassets in Resources */,
				2DFADC582A5E9C87005F4229 /* beauty_shape.json in Resources */,
				B651FFA21D93DA1F00D1C578 /* xiaoqi1.png in Resources */,
				2DFADC6D2A5E9C87005F4229 /* xinggan.bundle in Resources */,
				2DFADC6F2A5E9C87005F4229 /* body.json in Resources */,
				0AA48E382101FDCC00EA31B7 /* 001.png in Resources */,
				2DFADC662A5E9C87005F4229 /* chuju.bundle in Resources */,
				2DFADC592A5E9C87005F4229 /* beauty_skin.json in Resources */,
				0AA48E3D2101FDCC00EA31B7 /* 006.png in Resources */,
				2DFADC632A5E9C87005F4229 /* jianling.bundle in Resources */,
				0AA48E412101FDCC00EA31B7 /* bt_paster_delete@2x.png in Resources */,
			);
			runOnlyForDeploymentPostprocessing = 0;
		};
		6003F5AC195388D20070C39A /* Resources */ = {
			isa = PBXResourcesBuildPhase;
			buildActionMask = 2147483647;
			files = (
			);
			runOnlyForDeploymentPostprocessing = 0;
		};
/* End PBXResourcesBuildPhase section */

/* Begin PBXShellScriptBuildPhase section */
		A1E7FB20C839273AD4B3F024 /* [CP] Check Pods Manifest.lock */ = {
			isa = PBXShellScriptBuildPhase;
			buildActionMask = 2147483647;
			files = (
			);
			inputPaths = (
				"${PODS_PODFILE_DIR_PATH}/Podfile.lock",
				"${PODS_ROOT}/Manifest.lock",
			);
			name = "[CP] Check Pods Manifest.lock";
			outputPaths = (
				"$(DERIVED_FILE_DIR)/Pods-PLMediaStreamingKitDemo-checkManifestLockResult.txt",
			);
			runOnlyForDeploymentPostprocessing = 0;
			shellPath = /bin/sh;
			shellScript = "diff \"${PODS_PODFILE_DIR_PATH}/Podfile.lock\" \"${PODS_ROOT}/Manifest.lock\" > /dev/null\nif [ $? != 0 ] ; then\n    # print error to STDERR\n    echo \"error: The sandbox is not in sync with the Podfile.lock. Run 'pod install' or update your CocoaPods installation.\" >&2\n    exit 1\nfi\n# This output is used by Xcode 'outputs' to avoid re-running this script phase.\necho \"SUCCESS\" > \"${SCRIPT_OUTPUT_FILE_0}\"\n";
			showEnvVarsInLog = 0;
		};
		C4A42BD82CFC393B83A372D1 /* [CP] Embed Pods Frameworks */ = {
			isa = PBXShellScriptBuildPhase;
			buildActionMask = 2147483647;
			files = (
			);
			inputPaths = (
				"${PODS_ROOT}/Target Support Files/Pods-PLMediaStreamingKitDemo/Pods-PLMediaStreamingKitDemo-frameworks.sh",
				"${PODS_ROOT}/FURenderKit/FURenderKit.framework",
				"${PODS_ROOT}/PLMediaStreamingKit/Pod/Library/PLMediaStreamingKit.framework",
				"${PODS_ROOT}/PLMediaStreamingKit/Pod/Library/HappyDNS.framework",
			);
			name = "[CP] Embed Pods Frameworks";
			outputPaths = (
				"${TARGET_BUILD_DIR}/${FRAMEWORKS_FOLDER_PATH}/FURenderKit.framework",
				"${TARGET_BUILD_DIR}/${FRAMEWORKS_FOLDER_PATH}/PLMediaStreamingKit.framework",
				"${TARGET_BUILD_DIR}/${FRAMEWORKS_FOLDER_PATH}/HappyDNS.framework",
			);
			runOnlyForDeploymentPostprocessing = 0;
			shellPath = /bin/sh;
			shellScript = "\"${PODS_ROOT}/Target Support Files/Pods-PLMediaStreamingKitDemo/Pods-PLMediaStreamingKitDemo-frameworks.sh\"\n";
			showEnvVarsInLog = 0;
		};
		C6C5D69A86D831E788799F09 /* [CP] Copy Pods Resources */ = {
			isa = PBXShellScriptBuildPhase;
			buildActionMask = 2147483647;
			files = (
			);
			inputPaths = (
				"${PODS_ROOT}/Target Support Files/Pods-PLMediaStreamingKitDemo/Pods-PLMediaStreamingKitDemo-resources.sh",
				"${PODS_ROOT}/FURenderKit/Resources/graphics/aitype.bundle",
				"${PODS_ROOT}/FURenderKit/Resources/graphics/body_slim.bundle",
				"${PODS_ROOT}/FURenderKit/Resources/graphics/controller_cpp.bundle",
				"${PODS_ROOT}/FURenderKit/Resources/graphics/face_beautification.bundle",
				"${PODS_ROOT}/FURenderKit/Resources/graphics/face_makeup.bundle",
				"${PODS_ROOT}/FURenderKit/Resources/graphics/fuzzytoonfilter.bundle",
				"${PODS_ROOT}/FURenderKit/Resources/graphics/fxaa.bundle",
				"${PODS_ROOT}/FURenderKit/Resources/graphics/tongue.bundle",
				"${PODS_ROOT}/FURenderKit/Resources/model/ai_face_processor.bundle",
				"${PODS_ROOT}/FURenderKit/Resources/model/ai_hand_processor.bundle",
				"${PODS_ROOT}/FURenderKit/Resources/model/ai_human_processor.bundle",
				"${PODS_ROOT}/SVProgressHUD/SVProgressHUD/SVProgressHUD.bundle",
			);
			name = "[CP] Copy Pods Resources";
			outputPaths = (
				"${TARGET_BUILD_DIR}/${UNLOCALIZED_RESOURCES_FOLDER_PATH}/aitype.bundle",
				"${TARGET_BUILD_DIR}/${UNLOCALIZED_RESOURCES_FOLDER_PATH}/body_slim.bundle",
				"${TARGET_BUILD_DIR}/${UNLOCALIZED_RESOURCES_FOLDER_PATH}/controller_cpp.bundle",
				"${TARGET_BUILD_DIR}/${UNLOCALIZED_RESOURCES_FOLDER_PATH}/face_beautification.bundle",
				"${TARGET_BUILD_DIR}/${UNLOCALIZED_RESOURCES_FOLDER_PATH}/face_makeup.bundle",
				"${TARGET_BUILD_DIR}/${UNLOCALIZED_RESOURCES_FOLDER_PATH}/fuzzytoonfilter.bundle",
				"${TARGET_BUILD_DIR}/${UNLOCALIZED_RESOURCES_FOLDER_PATH}/fxaa.bundle",
				"${TARGET_BUILD_DIR}/${UNLOCALIZED_RESOURCES_FOLDER_PATH}/tongue.bundle",
				"${TARGET_BUILD_DIR}/${UNLOCALIZED_RESOURCES_FOLDER_PATH}/ai_face_processor.bundle",
				"${TARGET_BUILD_DIR}/${UNLOCALIZED_RESOURCES_FOLDER_PATH}/ai_hand_processor.bundle",
				"${TARGET_BUILD_DIR}/${UNLOCALIZED_RESOURCES_FOLDER_PATH}/ai_human_processor.bundle",
				"${TARGET_BUILD_DIR}/${UNLOCALIZED_RESOURCES_FOLDER_PATH}/SVProgressHUD.bundle",
			);
			runOnlyForDeploymentPostprocessing = 0;
			shellPath = /bin/sh;
			shellScript = "\"${PODS_ROOT}/Target Support Files/Pods-PLMediaStreamingKitDemo/Pods-PLMediaStreamingKitDemo-resources.sh\"\n";
			showEnvVarsInLog = 0;
		};
/* End PBXShellScriptBuildPhase section */

/* Begin PBXSourcesBuildPhase section */
		6003F586195388D20070C39A /* Sources */ = {
			isa = PBXSourcesBuildPhase;
			buildActionMask = 2147483647;
			files = (
				2DD1783029A4C1C700E2075B /* FUMakeupViewModel.m in Sources */,
				2DD1782C29A4C1C700E2075B /* FUBeautySkinViewModel.m in Sources */,
				2DD1783229A4C1C700E2075B /* FUTestRecorder.m in Sources */,
				2DD1783D29A4C1C700E2075B /* FUSlider.m in Sources */,
				2DD1782B29A4C1C700E2075B /* FUBeautyFilterViewModel.m in Sources */,
				2DD1783129A4C1C700E2075B /* FUDemoManager.m in Sources */,
				B6FC33D11D93C970004EEE29 /* PLPanelModel.m in Sources */,
				2DD1784129A4C1C700E2075B /* FUBeautyShapeView.m in Sources */,
				B6FC33CD1D93C970004EEE29 /* PLAttributeModel.m in Sources */,
				0AA48E472101FFAE00EA31B7 /* NSString+Random.m in Sources */,
				B6FC33991D93C301004EEE29 /* main.m in Sources */,
				2DD1784329A4C1C700E2075B /* FUBodyView.m in Sources */,
				2DD1782F29A4C1C700E2075B /* FUBodyViewModel.m in Sources */,
				B6FC33AB1D93C398004EEE29 /* PLMainViewController.m in Sources */,
				2DD1783F29A4C1C700E2075B /* FUBeautyFilterView.m in Sources */,
				767D4D8920561FF300E619D2 /* PLViewController.m in Sources */,
				B6FC33D21D93C970004EEE29 /* PLTitleValueConf.m in Sources */,
				B6FC33AE1D93C398004EEE29 /* PLPermissionRequestor.m in Sources */,
				B6FC33D01D93C970004EEE29 /* PLMainTabBarController.m in Sources */,
				B6FC33CE1D93C970004EEE29 /* PLDelgateHelper.m in Sources */,
				0AA48E442101FDCC00EA31B7 /* PLPasterScrollView.m in Sources */,
				2DD1783B29A4C1C700E2075B /* FUAlertController.m in Sources */,
				2DD1782E29A4C1C700E2075B /* FUStickerViewModel.m in Sources */,
				B6FC33AC1D93C398004EEE29 /* PLModelPanelGenerator.m in Sources */,
				2DD1783629A4C1C700E2075B /* FUBeautySkinModel.m in Sources */,
				2DD1784229A4C1C700E2075B /* FUTipHUD.m in Sources */,
				2DD1783529A4C1C700E2075B /* FUBodyModel.m in Sources */,
				2DD1783E29A4C1C700E2075B /* FUInsetsLabel.m in Sources */,
				2DD1783C29A4C1C700E2075B /* FUBeautySkinView.m in Sources */,
				2DD1784029A4C1C700E2075B /* FUMakeupView.m in Sources */,
				B6FC33B41D93C470004EEE29 /* PLAppDelegate.m in Sources */,
				2DD1783329A4C1C700E2075B /* FUBeautyShapeModel.m in Sources */,
				B6FC33CF1D93C970004EEE29 /* PLLogDisplayer.m in Sources */,
				B6FC33AF1D93C398004EEE29 /* PLStreamingSessionConstructor.m in Sources */,
				2DD1783829A4C1C700E2075B /* FUMakeupModel.m in Sources */,
				2DD1783929A4C1C700E2075B /* FUStickerView.m in Sources */,
				2DD1784429A4C1C700E2075B /* FUSegmentBar.m in Sources */,
				B6FC33CC1D93C970004EEE29 /* PLAlertSpinner.m in Sources */,
				2DD1783729A4C1C700E2075B /* FUStickerModel.m in Sources */,
				2DD1783429A4C1C700E2075B /* FUBeautyFilterModel.m in Sources */,
				B6FC33AD1D93C398004EEE29 /* PLPanelDelegateGenerator.m in Sources */,
				0AA48E432101FDCC00EA31B7 /* PLPasterView.m in Sources */,
				2DD1782D29A4C1C700E2075B /* FUBeautyShapeViewModel.m in Sources */,
				2DD1783A29A4C1C700E2075B /* FUAlertManager.m in Sources */,
				2DD1784529A4C1C700E2075B /* FUSquareButton.m in Sources */,
			);
			runOnlyForDeploymentPostprocessing = 0;
		};
		6003F5AA195388D20070C39A /* Sources */ = {
			isa = PBXSourcesBuildPhase;
			buildActionMask = 2147483647;
			files = (
			);
			runOnlyForDeploymentPostprocessing = 0;
		};
/* End PBXSourcesBuildPhase section */

/* Begin PBXTargetDependency section */
		6003F5B4195388D20070C39A /* PBXTargetDependency */ = {
			isa = PBXTargetDependency;
			target = 6003F589195388D20070C39A /* PLMediaStreamingKitDemo */;
			targetProxy = 6003F5B3195388D20070C39A /* PBXContainerItemProxy */;
		};
/* End PBXTargetDependency section */

/* Begin PBXVariantGroup section */
		2DFADC372A5E9C87005F4229 /* FaceUnity.strings */ = {
			isa = PBXVariantGroup;
			children = (
				2DFADC382A5E9C87005F4229 /* zh-Hans */,
				2DFADC4D2A5E9C87005F4229 /* en */,
			);
			name = FaceUnity.strings;
			sourceTree = "<group>";
		};
		B6FC338C1D93C301004EEE29 /* Launch Screen.storyboard */ = {
			isa = PBXVariantGroup;
			children = (
				B6FC338D1D93C301004EEE29 /* Base */,
			);
			name = "Launch Screen.storyboard";
			sourceTree = "<group>";
		};
		B6FC338E1D93C301004EEE29 /* InfoPlist.strings */ = {
			isa = PBXVariantGroup;
			children = (
				B6FC338F1D93C301004EEE29 /* en */,
			);
			name = InfoPlist.strings;
			sourceTree = "<group>";
		};
/* End PBXVariantGroup section */

/* Begin XCBuildConfiguration section */
		6003F5BD195388D20070C39A /* Debug */ = {
			isa = XCBuildConfiguration;
			buildSettings = {
				ALWAYS_SEARCH_USER_PATHS = NO;
				CLANG_CXX_LANGUAGE_STANDARD = "gnu++0x";
				CLANG_CXX_LIBRARY = "libc++";
				CLANG_ENABLE_MODULES = YES;
				CLANG_ENABLE_OBJC_ARC = YES;
				CLANG_WARN_BOOL_CONVERSION = YES;
				CLANG_WARN_CONSTANT_CONVERSION = YES;
				CLANG_WARN_DIRECT_OBJC_ISA_USAGE = YES_ERROR;
				CLANG_WARN_EMPTY_BODY = YES;
				CLANG_WARN_ENUM_CONVERSION = YES;
				CLANG_WARN_INT_CONVERSION = YES;
				CLANG_WARN_OBJC_ROOT_CLASS = YES_ERROR;
				CLANG_WARN__DUPLICATE_METHOD_MATCH = YES;
				"CODE_SIGN_IDENTITY[sdk=iphoneos*]" = "iPhone Developer";
				COPY_PHASE_STRIP = NO;
				DEBUG_INFORMATION_FORMAT = "dwarf-with-dsym";
				ENABLE_TESTABILITY = YES;
				GCC_C_LANGUAGE_STANDARD = gnu99;
				GCC_DYNAMIC_NO_PIC = NO;
				GCC_OPTIMIZATION_LEVEL = 0;
				GCC_PREPROCESSOR_DEFINITIONS = (
					"DEBUG=1",
					"$(inherited)",
				);
				GCC_SYMBOLS_PRIVATE_EXTERN = NO;
				GCC_WARN_64_TO_32_BIT_CONVERSION = YES;
				GCC_WARN_ABOUT_RETURN_TYPE = YES_ERROR;
				GCC_WARN_UNDECLARED_SELECTOR = YES;
				GCC_WARN_UNINITIALIZED_AUTOS = YES_AGGRESSIVE;
				GCC_WARN_UNUSED_FUNCTION = YES;
				GCC_WARN_UNUSED_VARIABLE = YES;
				IPHONEOS_DEPLOYMENT_TARGET = 9.0;
				ONLY_ACTIVE_ARCH = YES;
				SDKROOT = iphoneos;
				TARGETED_DEVICE_FAMILY = "1,2";
			};
			name = Debug;
		};
		6003F5BE195388D20070C39A /* Release */ = {
			isa = XCBuildConfiguration;
			buildSettings = {
				ALWAYS_SEARCH_USER_PATHS = NO;
				CLANG_CXX_LANGUAGE_STANDARD = "gnu++0x";
				CLANG_CXX_LIBRARY = "libc++";
				CLANG_ENABLE_MODULES = YES;
				CLANG_ENABLE_OBJC_ARC = YES;
				CLANG_WARN_BOOL_CONVERSION = YES;
				CLANG_WARN_CONSTANT_CONVERSION = YES;
				CLANG_WARN_DIRECT_OBJC_ISA_USAGE = YES_ERROR;
				CLANG_WARN_EMPTY_BODY = YES;
				CLANG_WARN_ENUM_CONVERSION = YES;
				CLANG_WARN_INT_CONVERSION = YES;
				CLANG_WARN_OBJC_ROOT_CLASS = YES_ERROR;
				CLANG_WARN__DUPLICATE_METHOD_MATCH = YES;
				"CODE_SIGN_IDENTITY[sdk=iphoneos*]" = "iPhone Developer";
				COPY_PHASE_STRIP = YES;
				DEBUG_INFORMATION_FORMAT = "dwarf-with-dsym";
				ENABLE_NS_ASSERTIONS = NO;
				GCC_C_LANGUAGE_STANDARD = gnu99;
				GCC_WARN_64_TO_32_BIT_CONVERSION = YES;
				GCC_WARN_ABOUT_RETURN_TYPE = YES_ERROR;
				GCC_WARN_UNDECLARED_SELECTOR = YES;
				GCC_WARN_UNINITIALIZED_AUTOS = YES_AGGRESSIVE;
				GCC_WARN_UNUSED_FUNCTION = YES;
				GCC_WARN_UNUSED_VARIABLE = YES;
				IPHONEOS_DEPLOYMENT_TARGET = 9.0;
				SDKROOT = iphoneos;
				TARGETED_DEVICE_FAMILY = "1,2";
				VALIDATE_PRODUCT = YES;
			};
			name = Release;
		};
		6003F5C0195388D20070C39A /* Debug */ = {
			isa = XCBuildConfiguration;
			baseConfigurationReference = 09EF86FE485DC921D9EC2C00 /* Pods-PLMediaStreamingKitDemo.debug.xcconfig */;
			buildSettings = {
				ASSETCATALOG_COMPILER_APPICON_NAME = AppIcon;
				ASSETCATALOG_COMPILER_LAUNCHIMAGE_NAME = LaunchImage;
				CODE_SIGN_STYLE = Manual;
				DEVELOPMENT_TEAM = 35A6KD62ZJ;
				"DEVELOPMENT_TEAM[sdk=iphoneos*]" = 35A6KD62ZJ;
				ENABLE_BITCODE = NO;
				FRAMEWORK_SEARCH_PATHS = (
					"$(inherited)",
					"$(PROJECT_DIR)/PLMediaStreamingKitDemo/FaceUnity",
					"$(PROJECT_DIR)/PLMediaStreamingKitDemo/FaceUnity/Lib",
				);
				GCC_PRECOMPILE_PREFIX_HEADER = YES;
				GCC_PREFIX_HEADER = "";
				INFOPLIST_FILE = "$(SRCROOT)/PLMediaStreamingKitDemo/Supporting Files/PLMediaStreamingKitDemo-Info.plist";
				IPHONEOS_DEPLOYMENT_TARGET = 9.0;
				LD_RUNPATH_SEARCH_PATHS = "$(inherited) @executable_path/Frameworks";
				LIBRARY_SEARCH_PATHS = (
					"$(inherited)",
					"$(PROJECT_DIR)/PLMediaStreamingKitDemo/Weixin",
					"$(PROJECT_DIR)/PLMediaStreamingKitDemo/FaceUnity/Lib",
				);
				MARKETING_VERSION = 3.0.2;
				OTHER_LDFLAGS = "$(inherited)";
				PRODUCT_BUNDLE_IDENTIFIER = "com.pili-engineering.PLMediaStreamingKit";
				PRODUCT_NAME = "(七牛推流)PLMediaStreamingKitDemo";
				PROVISIONING_PROFILE_SPECIFIER = FUWildcard;
				"PROVISIONING_PROFILE_SPECIFIER[sdk=iphoneos*]" = FULiveDemo_dev;
				TARGETED_DEVICE_FAMILY = 1;
				WRAPPER_EXTENSION = app;
			};
			name = Debug;
		};
		6003F5C1195388D20070C39A /* Release */ = {
			isa = XCBuildConfiguration;
			baseConfigurationReference = 0C618BE754D25865CFB92AE2 /* Pods-PLMediaStreamingKitDemo.release.xcconfig */;
			buildSettings = {
				ASSETCATALOG_COMPILER_APPICON_NAME = AppIcon;
				ASSETCATALOG_COMPILER_LAUNCHIMAGE_NAME = LaunchImage;
				CODE_SIGN_STYLE = Manual;
				DEVELOPMENT_TEAM = 35A6KD62ZJ;
				"DEVELOPMENT_TEAM[sdk=iphoneos*]" = 35A6KD62ZJ;
				ENABLE_BITCODE = NO;
				FRAMEWORK_SEARCH_PATHS = (
					"$(inherited)",
					"$(PROJECT_DIR)/PLMediaStreamingKitDemo/FaceUnity",
					"$(PROJECT_DIR)/PLMediaStreamingKitDemo/FaceUnity/Lib",
				);
				GCC_PRECOMPILE_PREFIX_HEADER = YES;
				GCC_PREFIX_HEADER = "";
				INFOPLIST_FILE = "$(SRCROOT)/PLMediaStreamingKitDemo/Supporting Files/PLMediaStreamingKitDemo-Info.plist";
				IPHONEOS_DEPLOYMENT_TARGET = 9.0;
				LD_RUNPATH_SEARCH_PATHS = "$(inherited) @executable_path/Frameworks";
				LIBRARY_SEARCH_PATHS = (
					"$(inherited)",
					"$(PROJECT_DIR)/PLMediaStreamingKitDemo/Weixin",
					"$(PROJECT_DIR)/PLMediaStreamingKitDemo/FaceUnity/Lib",
				);
				MARKETING_VERSION = 3.0.2;
				ONLY_ACTIVE_ARCH = NO;
				OTHER_LDFLAGS = "$(inherited)";
				PRODUCT_BUNDLE_IDENTIFIER = "com.pili-engineering.PLMediaStreamingKit";
				PRODUCT_NAME = "(七牛推流)PLMediaStreamingKitDemo";
				PROVISIONING_PROFILE_SPECIFIER = FUWildcard;
				"PROVISIONING_PROFILE_SPECIFIER[sdk=iphoneos*]" = FULiveDemo_dev;
				TARGETED_DEVICE_FAMILY = 1;
				WRAPPER_EXTENSION = app;
			};
			name = Release;
		};
		6003F5C3195388D20070C39A /* Debug */ = {
			isa = XCBuildConfiguration;
			buildSettings = {
				BUNDLE_LOADER = "$(BUILT_PRODUCTS_DIR)/PLCameraStreamingKit.app/PLCameraStreamingKit";
				DEVELOPMENT_TEAM = 35A6KD62ZJ;
				FRAMEWORK_SEARCH_PATHS = (
					"$(SDKROOT)/Developer/Library/Frameworks",
					"$(inherited)",
					"$(DEVELOPER_FRAMEWORKS_DIR)",
				);
				GCC_PRECOMPILE_PREFIX_HEADER = YES;
				GCC_PREFIX_HEADER = "Tests/Tests-Prefix.pch";
				GCC_PREPROCESSOR_DEFINITIONS = (
					"DEBUG=1",
					"$(inherited)",
				);
				INFOPLIST_FILE = "Tests/Tests-Info.plist";
				PRODUCT_NAME = "$(TARGET_NAME)";
				TEST_HOST = "$(BUNDLE_LOADER)";
				WRAPPER_EXTENSION = xctest;
			};
			name = Debug;
		};
		6003F5C4195388D20070C39A /* Release */ = {
			isa = XCBuildConfiguration;
			buildSettings = {
				BUNDLE_LOADER = "$(BUILT_PRODUCTS_DIR)/PLCameraStreamingKit.app/PLCameraStreamingKit";
				DEVELOPMENT_TEAM = 35A6KD62ZJ;
				FRAMEWORK_SEARCH_PATHS = (
					"$(SDKROOT)/Developer/Library/Frameworks",
					"$(inherited)",
					"$(DEVELOPER_FRAMEWORKS_DIR)",
				);
				GCC_PRECOMPILE_PREFIX_HEADER = YES;
				GCC_PREFIX_HEADER = "Tests/Tests-Prefix.pch";
				INFOPLIST_FILE = "Tests/Tests-Info.plist";
				PRODUCT_NAME = "$(TARGET_NAME)";
				TEST_HOST = "$(BUNDLE_LOADER)";
				WRAPPER_EXTENSION = xctest;
			};
			name = Release;
		};
/* End XCBuildConfiguration section */

/* Begin XCConfigurationList section */
		6003F585195388D10070C39A /* Build configuration list for PBXProject "PLMediaStreamingKitDemo" */ = {
			isa = XCConfigurationList;
			buildConfigurations = (
				6003F5BD195388D20070C39A /* Debug */,
				6003F5BE195388D20070C39A /* Release */,
			);
			defaultConfigurationIsVisible = 0;
			defaultConfigurationName = Release;
		};
		6003F5BF195388D20070C39A /* Build configuration list for PBXNativeTarget "PLMediaStreamingKitDemo" */ = {
			isa = XCConfigurationList;
			buildConfigurations = (
				6003F5C0195388D20070C39A /* Debug */,
				6003F5C1195388D20070C39A /* Release */,
			);
			defaultConfigurationIsVisible = 0;
			defaultConfigurationName = Release;
		};
		6003F5C2195388D20070C39A /* Build configuration list for PBXNativeTarget "Tests" */ = {
			isa = XCConfigurationList;
			buildConfigurations = (
				6003F5C3195388D20070C39A /* Debug */,
				6003F5C4195388D20070C39A /* Release */,
			);
			defaultConfigurationIsVisible = 0;
			defaultConfigurationName = Release;
		};
/* End XCConfigurationList section */
	};
	rootObject = 6003F582195388D10070C39A /* Project object */;
}
